// !$*UTF8*$!
{
	archiveVersion = 1;
	classes = {
	};
	objectVersion = 46;
	objects = {

/* Begin PBXBuildFile section */
		55FA10FF1A6E27DE009E35BE /* AppDelegate.swift in Sources */ = {isa = PBXBuildFile; fileRef = 55FA10FE1A6E27DE009E35BE /* AppDelegate.swift */; };
		55FA11011A6E27DE009E35BE /* ViewController.swift in Sources */ = {isa = PBXBuildFile; fileRef = 55FA11001A6E27DE009E35BE /* ViewController.swift */; };
		55FA11041A6E27DE009E35BE /* Main.storyboard in Resources */ = {isa = PBXBuildFile; fileRef = 55FA11021A6E27DE009E35BE /* Main.storyboard */; };
		55FA11061A6E27DE009E35BE /* Images.xcassets in Resources */ = {isa = PBXBuildFile; fileRef = 55FA11051A6E27DE009E35BE /* Images.xcassets */; };
		55FA11091A6E27DE009E35BE /* LaunchScreen.xib in Resources */ = {isa = PBXBuildFile; fileRef = 55FA11071A6E27DE009E35BE /* LaunchScreen.xib */; };
		55FA11151A6E27DE009E35BE /* chapter6_pickerviewTests.swift in Sources */ = {isa = PBXBuildFile; fileRef = 55FA11141A6E27DE009E35BE /* chapter6_pickerviewTests.swift */; };
/* End PBXBuildFile section */

/* Begin PBXContainerItemProxy section */
		55FA110F1A6E27DE009E35BE /* PBXContainerItemProxy */ = {
			isa = PBXContainerItemProxy;
			containerPortal = 55FA10F11A6E27DE009E35BE /* Project object */;
			proxyType = 1;
			remoteGlobalIDString = 55FA10F81A6E27DE009E35BE;
			remoteInfo = chapter6_pickerview;
		};
/* End PBXContainerItemProxy section */

/* Begin PBXFileReference section */
		55FA10F91A6E27DE009E35BE /* chapter6_pickerview.app */ = {isa = PBXFileReference; explicitFileType = wrapper.application; includeInIndex = 0; path = chapter6_pickerview.app; sourceTree = BUILT_PRODUCTS_DIR; };
		55FA10FD1A6E27DE009E35BE /* Info.plist */ = {isa = PBXFileReference; lastKnownFileType = text.plist.xml; path = Info.plist; sourceTree = "<group>"; };
		55FA10FE1A6E27DE009E35BE /* AppDelegate.swift */ = {isa = PBXFileReference; lastKnownFileType = sourcecode.swift; path = AppDelegate.swift; sourceTree = "<group>"; };
		55FA11001A6E27DE009E35BE /* ViewController.swift */ = {isa = PBXFileReference; lastKnownFileType = sourcecode.swift; path = ViewController.swift; sourceTree = "<group>"; };
		55FA11031A6E27DE009E35BE /* Base */ = {isa = PBXFileReference; lastKnownFileType = file.storyboard; name = Base; path = Base.lproj/Main.storyboard; sourceTree = "<group>"; };
		55FA11051A6E27DE009E35BE /* Images.xcassets */ = {isa = PBXFileReference; lastKnownFileType = folder.assetcatalog; path = Images.xcassets; sourceTree = "<group>"; };
		55FA11081A6E27DE009E35BE /* Base */ = {isa = PBXFileReference; lastKnownFileType = file.xib; name = Base; path = Base.lproj/LaunchScreen.xib; sourceTree = "<group>"; };
		55FA110E1A6E27DE009E35BE /* chapter6_pickerviewTests.xctest */ = {isa = PBXFileReference; explicitFileType = wrapper.cfbundle; includeInIndex = 0; path = chapter6_pickerviewTests.xctest; sourceTree = BUILT_PRODUCTS_DIR; };
		55FA11131A6E27DE009E35BE /* Info.plist */ = {isa = PBXFileReference; lastKnownFileType = text.plist.xml; path = Info.plist; sourceTree = "<group>"; };
		55FA11141A6E27DE009E35BE /* chapter6_pickerviewTests.swift */ = {isa = PBXFileReference; lastKnownFileType = sourcecode.swift; path = chapter6_pickerviewTests.swift; sourceTree = "<group>"; };
/* End PBXFileReference section */

/* Begin PBXFrameworksBuildPhase section */
		55FA10F61A6E27DE009E35BE /* Frameworks */ = {
			isa = PBXFrameworksBuildPhase;
			buildActionMask = 2147483647;
			files = (
			);
			runOnlyForDeploymentPostprocessing = 0;
		};
		55FA110B1A6E27DE009E35BE /* Frameworks */ = {
			isa = PBXFrameworksBuildPhase;
			buildActionMask = 2147483647;
			files = (
			);
			runOnlyForDeploymentPostprocessing = 0;
		};
/* End PBXFrameworksBuildPhase section */

/* Begin PBXGroup section */
		55FA10F01A6E27DE009E35BE = {
			isa = PBXGroup;
			children = (
				55FA10FB1A6E27DE009E35BE /* chapter6_pickerview */,
				55FA11111A6E27DE009E35BE /* chapter6_pickerviewTests */,
				55FA10FA1A6E27DE009E35BE /* Products */,
			);
			sourceTree = "<group>";
		};
		55FA10FA1A6E27DE009E35BE /* Products */ = {
			isa = PBXGroup;
			children = (
				55FA10F91A6E27DE009E35BE /* chapter6_pickerview.app */,
				55FA110E1A6E27DE009E35BE /* chapter6_pickerviewTests.xctest */,
			);
			name = Products;
			sourceTree = "<group>";
		};
		55FA10FB1A6E27DE009E35BE /* chapter6_pickerview */ = {
			isa = PBXGroup;
			children = (
				55FA10FE1A6E27DE009E35BE /* AppDelegate.swift */,
				55FA11001A6E27DE009E35BE /* ViewController.swift */,
				55FA11021A6E27DE009E35BE /* Main.storyboard */,
				55FA11051A6E27DE009E35BE /* Images.xcassets */,
				55FA11071A6E27DE009E35BE /* LaunchScreen.xib */,
				55FA10FC1A6E27DE009E35BE /* Supporting Files */,
			);
			path = chapter6_pickerview;
			sourceTree = "<group>";
		};
		55FA10FC1A6E27DE009E35BE /* Supporting Files */ = {
			isa = PBXGroup;
			children = (
				55FA10FD1A6E27DE009E35BE /* Info.plist */,
			);
			name = "Supporting Files";
			sourceTree = "<group>";
		};
		55FA11111A6E27DE009E35BE /* chapter6_pickerviewTests */ = {
			isa = PBXGroup;
			children = (
				55FA11141A6E27DE009E35BE /* chapter6_pickerviewTests.swift */,
				55FA11121A6E27DE009E35BE /* Supporting Files */,
			);
			path = chapter6_pickerviewTests;
			sourceTree = "<group>";
		};
		55FA11121A6E27DE009E35BE /* Supporting Files */ = {
			isa = PBXGroup;
			children = (
				55FA11131A6E27DE009E35BE /* Info.plist */,
			);
			name = "Supporting Files";
			sourceTree = "<group>";
		};
/* End PBXGroup section */

/* Begin PBXNativeTarget section */
		55FA10F81A6E27DE009E35BE /* chapter6_pickerview */ = {
			isa = PBXNativeTarget;
			buildConfigurationList = 55FA11181A6E27DE009E35BE /* Build configuration list for PBXNativeTarget "chapter6_pickerview" */;
			buildPhases = (
				55FA10F51A6E27DE009E35BE /* Sources */,
				55FA10F61A6E27DE009E35BE /* Frameworks */,
				55FA10F71A6E27DE009E35BE /* Resources */,
			);
			buildRules = (
			);
			dependencies = (
			);
			name = chapter6_pickerview;
			productName = chapter6_pickerview;
			productReference = 55FA10F91A6E27DE009E35BE /* chapter6_pickerview.app */;
			productType = "com.apple.product-type.application";
		};
		55FA110D1A6E27DE009E35BE /* chapter6_pickerviewTests */ = {
			isa = PBXNativeTarget;
			buildConfigurationList = 55FA111B1A6E27DE009E35BE /* Build configuration list for PBXNativeTarget "chapter6_pickerviewTests" */;
			buildPhases = (
				55FA110A1A6E27DE009E35BE /* Sources */,
				55FA110B1A6E27DE009E35BE /* Frameworks */,
				55FA110C1A6E27DE009E35BE /* Resources */,
			);
			buildRules = (
			);
			dependencies = (
				55FA11101A6E27DE009E35BE /* PBXTargetDependency */,
			);
			name = chapter6_pickerviewTests;
			productName = chapter6_pickerviewTests;
			productReference = 55FA110E1A6E27DE009E35BE /* chapter6_pickerviewTests.xctest */;
			productType = "com.apple.product-type.bundle.unit-test";
		};
/* End PBXNativeTarget section */

/* Begin PBXProject section */
		55FA10F11A6E27DE009E35BE /* Project object */ = {
			isa = PBXProject;
			attributes = {
				LastUpgradeCheck = 0610;
				ORGANIZATIONNAME = "Kohei Hayakawa";
				TargetAttributes = {
					55FA10F81A6E27DE009E35BE = {
						CreatedOnToolsVersion = 6.1.1;
					};
					55FA110D1A6E27DE009E35BE = {
						CreatedOnToolsVersion = 6.1.1;
						TestTargetID = 55FA10F81A6E27DE009E35BE;
					};
				};
			};
			buildConfigurationList = 55FA10F41A6E27DE009E35BE /* Build configuration list for PBXProject "chapter6_pickerview" */;
			compatibilityVersion = "Xcode 3.2";
			developmentRegion = English;
			hasScannedForEncodings = 0;
			knownRegions = (
				en,
				Base,
			);
			mainGroup = 55FA10F01A6E27DE009E35BE;
			productRefGroup = 55FA10FA1A6E27DE009E35BE /* Products */;
			projectDirPath = "";
			projectRoot = "";
			targets = (
				55FA10F81A6E27DE009E35BE /* chapter6_pickerview */,
				55FA110D1A6E27DE009E35BE /* chapter6_pickerviewTests */,
			);
		};
/* End PBXProject section */

/* Begin PBXResourcesBuildPhase section */
		55FA10F71A6E27DE009E35BE /* Resources */ = {
			isa = PBXResourcesBuildPhase;
			buildActionMask = 2147483647;
			files = (
				55FA11041A6E27DE009E35BE /* Main.storyboard in Resources */,
				55FA11091A6E27DE009E35BE /* LaunchScreen.xib in Resources */,
				55FA11061A6E27DE009E35BE /* Images.xcassets in Resources */,
			);
			runOnlyForDeploymentPostprocessing = 0;
		};
		55FA110C1A6E27DE009E35BE /* Resources */ = {
			isa = PBXResourcesBuildPhase;
			buildActionMask = 2147483647;
			files = (
			);
			runOnlyForDeploymentPostprocessing = 0;
		};
/* End PBXResourcesBuildPhase section */

/* Begin PBXSourcesBuildPhase section */
		55FA10F51A6E27DE009E35BE /* Sources */ = {
			isa = PBXSourcesBuildPhase;
			buildActionMask = 2147483647;
			files = (
				55FA11011A6E27DE009E35BE /* ViewController.swift in Sources */,
				55FA10FF1A6E27DE009E35BE /* AppDelegate.swift in Sources */,
			);
			runOnlyForDeploymentPostprocessing = 0;
		};
		55FA110A1A6E27DE009E35BE /* Sources */ = {
			isa = PBXSourcesBuildPhase;
			buildActionMask = 2147483647;
			files = (
				55FA11151A6E27DE009E35BE /* chapter6_pickerviewTests.swift in Sources */,
			);
			runOnlyForDeploymentPostprocessing = 0;
		};
/* End PBXSourcesBuildPhase section */

/* Begin PBXTargetDependency section */
		55FA11101A6E27DE009E35BE /* PBXTargetDependency */ = {
			isa = PBXTargetDependency;
			target = 55FA10F81A6E27DE009E35BE /* chapter6_pickerview */;
			targetProxy = 55FA110F1A6E27DE009E35BE /* PBXContainerItemProxy */;
		};
/* End PBXTargetDependency section */

/* Begin PBXVariantGroup section */
		55FA11021A6E27DE009E35BE /* Main.storyboard */ = {
			isa = PBXVariantGroup;
			children = (
				55FA11031A6E27DE009E35BE /* Base */,
			);
			name = Main.storyboard;
			sourceTree = "<group>";
		};
		55FA11071A6E27DE009E35BE /* LaunchScreen.xib */ = {
			isa = PBXVariantGroup;
			children = (
				55FA11081A6E27DE009E35BE /* Base */,
			);
			name = LaunchScreen.xib;
			sourceTree = "<group>";
		};
/* End PBXVariantGroup section */

/* Begin XCBuildConfiguration section */
		55FA11161A6E27DE009E35BE /* Debug */ = {
			isa = XCBuildConfiguration;
			buildSettings = {
				ALWAYS_SEARCH_USER_PATHS = NO;
				CLANG_CXX_LANGUAGE_STANDARD = "gnu++0x";
				CLANG_CXX_LIBRARY = "libc++";
				CLANG_ENABLE_MODULES = YES;
				CLANG_ENABLE_OBJC_ARC = YES;
				CLANG_WARN_BOOL_CONVERSION = YES;
				CLANG_WARN_CONSTANT_CONVERSION = YES;
				CLANG_WARN_DIRECT_OBJC_ISA_USAGE = YES_ERROR;
				CLANG_WARN_EMPTY_BODY = YES;
				CLANG_WARN_ENUM_CONVERSION = YES;
				CLANG_WARN_INT_CONVERSION = YES;
				CLANG_WARN_OBJC_ROOT_CLASS = YES_ERROR;
				CLANG_WARN_UNREACHABLE_CODE = YES;
				CLANG_WARN__DUPLICATE_METHOD_MATCH = YES;
				"CODE_SIGN_IDENTITY[sdk=iphoneos*]" = "iPhone Developer";
				COPY_PHASE_STRIP = NO;
				ENABLE_STRICT_OBJC_MSGSEND = YES;
				GCC_C_LANGUAGE_STANDARD = gnu99;
				GCC_DYNAMIC_NO_PIC = NO;
				GCC_OPTIMIZATION_LEVEL = 0;
				GCC_PREPROCESSOR_DEFINITIONS = (
					"DEBUG=1",
					"$(inherited)",
				);
				GCC_SYMBOLS_PRIVATE_EXTERN = NO;
				GCC_WARN_64_TO_32_BIT_CONVERSION = YES;
				GCC_WARN_ABOUT_RETURN_TYPE = YES_ERROR;
				GCC_WARN_UNDECLARED_SELECTOR = YES;
				GCC_WARN_UNINITIALIZED_AUTOS = YES_AGGRESSIVE;
				GCC_WARN_UNUSED_FUNCTION = YES;
				GCC_WARN_UNUSED_VARIABLE = YES;
				IPHONEOS_DEPLOYMENT_TARGET = 8.1;
				MTL_ENABLE_DEBUG_INFO = YES;
				ONLY_ACTIVE_ARCH = YES;
				SDKROOT = iphoneos;
				SWIFT_OPTIMIZATION_LEVEL = "-Onone";
			};
			name = Debug;
		};
		55FA11171A6E27DE009E35BE /* Release */ = {
			isa = XCBuildConfiguration;
			buildSettings = {
				ALWAYS_SEARCH_USER_PATHS = NO;
				CLANG_CXX_LANGUAGE_STANDARD = "gnu++0x";
				CLANG_CXX_LIBRARY = "libc++";
				CLANG_ENABLE_MODULES = YES;
				CLANG_ENABLE_OBJC_ARC = YES;
				CLANG_WARN_BOOL_CONVERSION = YES;
				CLANG_WARN_CONSTANT_CONVERSION = YES;
				CLANG_WARN_DIRECT_OBJC_ISA_USAGE = YES_ERROR;
				CLANG_WARN_EMPTY_BODY = YES;
				CLANG_WARN_ENUM_CONVERSION = YES;
				CLANG_WARN_INT_CONVERSION = YES;
				CLANG_WARN_OBJC_ROOT_CLASS = YES_ERROR;
				CLANG_WARN_UNREACHABLE_CODE = YES;
				CLANG_WARN__DUPLICATE_METHOD_MATCH = YES;
				"CODE_SIGN_IDENTITY[sdk=iphoneos*]" = "iPhone Developer";
				COPY_PHASE_STRIP = YES;
				ENABLE_NS_ASSERTIONS = NO;
				ENABLE_STRICT_OBJC_MSGSEND = YES;
				GCC_C_LANGUAGE_STANDARD = gnu99;
				GCC_WARN_64_TO_32_BIT_CONVERSION = YES;
				GCC_WARN_ABOUT_RETURN_TYPE = YES_ERROR;
				GCC_WARN_UNDECLARED_SELECTOR = YES;
				GCC_WARN_UNINITIALIZED_AUTOS = YES_AGGRESSIVE;
				GCC_WARN_UNUSED_FUNCTION = YES;
				GCC_WARN_UNUSED_VARIABLE = YES;
				IPHONEOS_DEPLOYMENT_TARGET = 8.1;
				MTL_ENABLE_DEBUG_INFO = NO;
				SDKROOT = iphoneos;
				VALIDATE_PRODUCT = YES;
			};
			name = Release;
		};
		55FA11191A6E27DE009E35BE /* Debug */ = {
			isa = XCBuildConfiguration;
			buildSettings = {
				ASSETCATALOG_COMPILER_APPICON_NAME = AppIcon;
				INFOPLIST_FILE = chapter6_pickerview/Info.plist;
				LD_RUNPATH_SEARCH_PATHS = "$(inherited) @executable_path/Frameworks";
				PRODUCT_NAME = "$(TARGET_NAME)";
			};
			name = Debug;
		};
		55FA111A1A6E27DE009E35BE /* Release */ = {
			isa = XCBuildConfiguration;
			buildSettings = {
				ASSETCATALOG_COMPILER_APPICON_NAME = AppIcon;
				INFOPLIST_FILE = chapter6_pickerview/Info.plist;
				LD_RUNPATH_SEARCH_PATHS = "$(inherited) @executable_path/Frameworks";
				PRODUCT_NAME = "$(TARGET_NAME)";
			};
			name = Release;
		};
		55FA111C1A6E27DE009E35BE /* Debug */ = {
			isa = XCBuildConfiguration;
			buildSettings = {
				BUNDLE_LOADER = "$(TEST_HOST)";
				FRAMEWORK_SEARCH_PATHS = (
					"$(SDKROOT)/Developer/Library/Frameworks",
					"$(inherited)",
				);
				GCC_PREPROCESSOR_DEFINITIONS = (
					"DEBUG=1",
					"$(inherited)",
				);
				INFOPLIST_FILE = chapter6_pickerviewTests/Info.plist;
				LD_RUNPATH_SEARCH_PATHS = "$(inherited) @executable_path/Frameworks @loader_path/Frameworks";
				PRODUCT_NAME = "$(TARGET_NAME)";
				TEST_HOST = "$(BUILT_PRODUCTS_DIR)/chapter6_pickerview.app/chapter6_pickerview";
			};
			name = Debug;
		};
		55FA111D1A6E27DE009E35BE /* Release */ = {
			isa = XCBuildConfiguration;
			buildSettings = {
				BUNDLE_LOADER = "$(TEST_HOST)";
				FRAMEWORK_SEARCH_PATHS = (
					"$(SDKROOT)/Developer/Library/Frameworks",
					"$(inherited)",
				);
				INFOPLIST_FILE = chapter6_pickerviewTests/Info.plist;
				LD_RUNPATH_SEARCH_PATHS = "$(inherited) @executable_path/Frameworks @loader_path/Frameworks";
				PRODUCT_NAME = "$(TARGET_NAME)";
				TEST_HOST = "$(BUILT_PRODUCTS_DIR)/chapter6_pickerview.app/chapter6_pickerview";
			};
			name = Release;
		};
/* End XCBuildConfiguration section */

/* Begin XCConfigurationList section */
		55FA10F41A6E27DE009E35BE /* Build configuration list for PBXProject "chapter6_pickerview" */ = {
			isa = XCConfigurationList;
			buildConfigurations = (
				55FA11161A6E27DE009E35BE /* Debug */,
				55FA11171A6E27DE009E35BE /* Release */,
			);
			defaultConfigurationIsVisible = 0;
			defaultConfigurationName = Release;
		};
		55FA11181A6E27DE009E35BE /* Build configuration list for PBXNativeTarget "chapter6_pickerview" */ = {
			isa = XCConfigurationList;
			buildConfigurations = (
				55FA11191A6E27DE009E35BE /* Debug */,
				55FA111A1A6E27DE009E35BE /* Release */,
			);
			defaultConfigurationIsVisible = 0;
		};
		55FA111B1A6E27DE009E35BE /* Build configuration list for PBXNativeTarget "chapter6_pickerviewTests" */ = {
			isa = XCConfigurationList;
			buildConfigurations = (
				55FA111C1A6E27DE009E35BE /* Debug */,
				55FA111D1A6E27DE009E35BE /* Release */,
			);
			defaultConfigurationIsVisible = 0;
		};
/* End XCConfigurationList section */
	};
	rootObject = 55FA10F11A6E27DE009E35BE /* Project object */;
}
