// !$*UTF8*$!
{
	archiveVersion = 1;
	classes = {
	};
	objectVersion = 46;
	objects = {

/* Begin PBXBuildFile section */
		557E732B1A720D6F009CF4D9 /* AppDelegate.swift in Sources */ = {isa = PBXBuildFile; fileRef = 557E732A1A720D6F009CF4D9 /* AppDelegate.swift */; };
		557E732D1A720D6F009CF4D9 /* ViewController.swift in Sources */ = {isa = PBXBuildFile; fileRef = 557E732C1A720D6F009CF4D9 /* ViewController.swift */; };
		557E73301A720D6F009CF4D9 /* Main.storyboard in Resources */ = {isa = PBXBuildFile; fileRef = 557E732E1A720D6F009CF4D9 /* Main.storyboard */; };
		557E73321A720D6F009CF4D9 /* Images.xcassets in Resources */ = {isa = PBXBuildFile; fileRef = 557E73311A720D6F009CF4D9 /* Images.xcassets */; };
		557E73351A720D6F009CF4D9 /* LaunchScreen.xib in Resources */ = {isa = PBXBuildFile; fileRef = 557E73331A720D6F009CF4D9 /* LaunchScreen.xib */; };
		557E73411A720D6F009CF4D9 /* chapter7_animationWithDuration_centerTests.swift in Sources */ = {isa = PBXBuildFile; fileRef = 557E73401A720D6F009CF4D9 /* chapter7_animationWithDuration_centerTests.swift */; };
		557E734B1A720D9E009CF4D9 /* user.png in Resources */ = {isa = PBXBuildFile; fileRef = 557E734A1A720D9E009CF4D9 /* user.png */; };
/* End PBXBuildFile section */

/* Begin PBXContainerItemProxy section */
		557E733B1A720D6F009CF4D9 /* PBXContainerItemProxy */ = {
			isa = PBXContainerItemProxy;
			containerPortal = 557E731D1A720D6F009CF4D9 /* Project object */;
			proxyType = 1;
			remoteGlobalIDString = 557E73241A720D6F009CF4D9;
			remoteInfo = chapter7_animationWithDuration_center;
		};
/* End PBXContainerItemProxy section */

/* Begin PBXFileReference section */
		557E73251A720D6F009CF4D9 /* chapter7_animationWithDuration_center.app */ = {isa = PBXFileReference; explicitFileType = wrapper.application; includeInIndex = 0; path = chapter7_animationWithDuration_center.app; sourceTree = BUILT_PRODUCTS_DIR; };
		557E73291A720D6F009CF4D9 /* Info.plist */ = {isa = PBXFileReference; lastKnownFileType = text.plist.xml; path = Info.plist; sourceTree = "<group>"; };
		557E732A1A720D6F009CF4D9 /* AppDelegate.swift */ = {isa = PBXFileReference; lastKnownFileType = sourcecode.swift; path = AppDelegate.swift; sourceTree = "<group>"; };
		557E732C1A720D6F009CF4D9 /* ViewController.swift */ = {isa = PBXFileReference; lastKnownFileType = sourcecode.swift; path = ViewController.swift; sourceTree = "<group>"; };
		557E732F1A720D6F009CF4D9 /* Base */ = {isa = PBXFileReference; lastKnownFileType = file.storyboard; name = Base; path = Base.lproj/Main.storyboard; sourceTree = "<group>"; };
		557E73311A720D6F009CF4D9 /* Images.xcassets */ = {isa = PBXFileReference; lastKnownFileType = folder.assetcatalog; path = Images.xcassets; sourceTree = "<group>"; };
		557E73341A720D6F009CF4D9 /* Base */ = {isa = PBXFileReference; lastKnownFileType = file.xib; name = Base; path = Base.lproj/LaunchScreen.xib; sourceTree = "<group>"; };
		557E733A1A720D6F009CF4D9 /* chapter7_animationWithDuration_centerTests.xctest */ = {isa = PBXFileReference; explicitFileType = wrapper.cfbundle; includeInIndex = 0; path = chapter7_animationWithDuration_centerTests.xctest; sourceTree = BUILT_PRODUCTS_DIR; };
		557E733F1A720D6F009CF4D9 /* Info.plist */ = {isa = PBXFileReference; lastKnownFileType = text.plist.xml; path = Info.plist; sourceTree = "<group>"; };
		557E73401A720D6F009CF4D9 /* chapter7_animationWithDuration_centerTests.swift */ = {isa = PBXFileReference; lastKnownFileType = sourcecode.swift; path = chapter7_animationWithDuration_centerTests.swift; sourceTree = "<group>"; };
		557E734A1A720D9E009CF4D9 /* user.png */ = {isa = PBXFileReference; lastKnownFileType = image.png; path = user.png; sourceTree = "<group>"; };
/* End PBXFileReference section */

/* Begin PBXFrameworksBuildPhase section */
		557E73221A720D6F009CF4D9 /* Frameworks */ = {
			isa = PBXFrameworksBuildPhase;
			buildActionMask = 2147483647;
			files = (
			);
			runOnlyForDeploymentPostprocessing = 0;
		};
		557E73371A720D6F009CF4D9 /* Frameworks */ = {
			isa = PBXFrameworksBuildPhase;
			buildActionMask = 2147483647;
			files = (
			);
			runOnlyForDeploymentPostprocessing = 0;
		};
/* End PBXFrameworksBuildPhase section */

/* Begin PBXGroup section */
		557E731C1A720D6F009CF4D9 = {
			isa = PBXGroup;
			children = (
				557E73271A720D6F009CF4D9 /* chapter7_animationWithDuration_center */,
				557E733D1A720D6F009CF4D9 /* chapter7_animationWithDuration_centerTests */,
				557E73261A720D6F009CF4D9 /* Products */,
				557E734A1A720D9E009CF4D9 /* user.png */,
			);
			sourceTree = "<group>";
		};
		557E73261A720D6F009CF4D9 /* Products */ = {
			isa = PBXGroup;
			children = (
				557E73251A720D6F009CF4D9 /* chapter7_animationWithDuration_center.app */,
				557E733A1A720D6F009CF4D9 /* chapter7_animationWithDuration_centerTests.xctest */,
			);
			name = Products;
			sourceTree = "<group>";
		};
		557E73271A720D6F009CF4D9 /* chapter7_animationWithDuration_center */ = {
			isa = PBXGroup;
			children = (
				557E732A1A720D6F009CF4D9 /* AppDelegate.swift */,
				557E732C1A720D6F009CF4D9 /* ViewController.swift */,
				557E732E1A720D6F009CF4D9 /* Main.storyboard */,
				557E73311A720D6F009CF4D9 /* Images.xcassets */,
				557E73331A720D6F009CF4D9 /* LaunchScreen.xib */,
				557E73281A720D6F009CF4D9 /* Supporting Files */,
			);
			path = chapter7_animationWithDuration_center;
			sourceTree = "<group>";
		};
		557E73281A720D6F009CF4D9 /* Supporting Files */ = {
			isa = PBXGroup;
			children = (
				557E73291A720D6F009CF4D9 /* Info.plist */,
			);
			name = "Supporting Files";
			sourceTree = "<group>";
		};
		557E733D1A720D6F009CF4D9 /* chapter7_animationWithDuration_centerTests */ = {
			isa = PBXGroup;
			children = (
				557E73401A720D6F009CF4D9 /* chapter7_animationWithDuration_centerTests.swift */,
				557E733E1A720D6F009CF4D9 /* Supporting Files */,
			);
			path = chapter7_animationWithDuration_centerTests;
			sourceTree = "<group>";
		};
		557E733E1A720D6F009CF4D9 /* Supporting Files */ = {
			isa = PBXGroup;
			children = (
				557E733F1A720D6F009CF4D9 /* Info.plist */,
			);
			name = "Supporting Files";
			sourceTree = "<group>";
		};
/* End PBXGroup section */

/* Begin PBXNativeTarget section */
		557E73241A720D6F009CF4D9 /* chapter7_animationWithDuration_center */ = {
			isa = PBXNativeTarget;
			buildConfigurationList = 557E73441A720D6F009CF4D9 /* Build configuration list for PBXNativeTarget "chapter7_animationWithDuration_center" */;
			buildPhases = (
				557E73211A720D6F009CF4D9 /* Sources */,
				557E73221A720D6F009CF4D9 /* Frameworks */,
				557E73231A720D6F009CF4D9 /* Resources */,
			);
			buildRules = (
			);
			dependencies = (
			);
			name = chapter7_animationWithDuration_center;
			productName = chapter7_animationWithDuration_center;
			productReference = 557E73251A720D6F009CF4D9 /* chapter7_animationWithDuration_center.app */;
			productType = "com.apple.product-type.application";
		};
		557E73391A720D6F009CF4D9 /* chapter7_animationWithDuration_centerTests */ = {
			isa = PBXNativeTarget;
			buildConfigurationList = 557E73471A720D6F009CF4D9 /* Build configuration list for PBXNativeTarget "chapter7_animationWithDuration_centerTests" */;
			buildPhases = (
				557E73361A720D6F009CF4D9 /* Sources */,
				557E73371A720D6F009CF4D9 /* Frameworks */,
				557E73381A720D6F009CF4D9 /* Resources */,
			);
			buildRules = (
			);
			dependencies = (
				557E733C1A720D6F009CF4D9 /* PBXTargetDependency */,
			);
			name = chapter7_animationWithDuration_centerTests;
			productName = chapter7_animationWithDuration_centerTests;
			productReference = 557E733A1A720D6F009CF4D9 /* chapter7_animationWithDuration_centerTests.xctest */;
			productType = "com.apple.product-type.bundle.unit-test";
		};
/* End PBXNativeTarget section */

/* Begin PBXProject section */
		557E731D1A720D6F009CF4D9 /* Project object */ = {
			isa = PBXProject;
			attributes = {
				LastUpgradeCheck = 0610;
				ORGANIZATIONNAME = "Kohei Hayakawa";
				TargetAttributes = {
					557E73241A720D6F009CF4D9 = {
						CreatedOnToolsVersion = 6.1.1;
					};
					557E73391A720D6F009CF4D9 = {
						CreatedOnToolsVersion = 6.1.1;
						TestTargetID = 557E73241A720D6F009CF4D9;
					};
				};
			};
			buildConfigurationList = 557E73201A720D6F009CF4D9 /* Build configuration list for PBXProject "chapter7_animationWithDuration_center" */;
			compatibilityVersion = "Xcode 3.2";
			developmentRegion = English;
			hasScannedForEncodings = 0;
			knownRegions = (
				en,
				Base,
			);
			mainGroup = 557E731C1A720D6F009CF4D9;
			productRefGroup = 557E73261A720D6F009CF4D9 /* Products */;
			projectDirPath = "";
			projectRoot = "";
			targets = (
				557E73241A720D6F009CF4D9 /* chapter7_animationWithDuration_center */,
				557E73391A720D6F009CF4D9 /* chapter7_animationWithDuration_centerTests */,
			);
		};
/* End PBXProject section */

/* Begin PBXResourcesBuildPhase section */
		557E73231A720D6F009CF4D9 /* Resources */ = {
			isa = PBXResourcesBuildPhase;
			buildActionMask = 2147483647;
			files = (
				557E73301A720D6F009CF4D9 /* Main.storyboard in Resources */,
				557E73351A720D6F009CF4D9 /* LaunchScreen.xib in Resources */,
				557E734B1A720D9E009CF4D9 /* user.png in Resources */,
				557E73321A720D6F009CF4D9 /* Images.xcassets in Resources */,
			);
			runOnlyForDeploymentPostprocessing = 0;
		};
		557E73381A720D6F009CF4D9 /* Resources */ = {
			isa = PBXResourcesBuildPhase;
			buildActionMask = 2147483647;
			files = (
			);
			runOnlyForDeploymentPostprocessing = 0;
		};
/* End PBXResourcesBuildPhase section */

/* Begin PBXSourcesBuildPhase section */
		557E73211A720D6F009CF4D9 /* Sources */ = {
			isa = PBXSourcesBuildPhase;
			buildActionMask = 2147483647;
			files = (
				557E732D1A720D6F009CF4D9 /* ViewController.swift in Sources */,
				557E732B1A720D6F009CF4D9 /* AppDelegate.swift in Sources */,
			);
			runOnlyForDeploymentPostprocessing = 0;
		};
		557E73361A720D6F009CF4D9 /* Sources */ = {
			isa = PBXSourcesBuildPhase;
			buildActionMask = 2147483647;
			files = (
				557E73411A720D6F009CF4D9 /* chapter7_animationWithDuration_centerTests.swift in Sources */,
			);
			runOnlyForDeploymentPostprocessing = 0;
		};
/* End PBXSourcesBuildPhase section */

/* Begin PBXTargetDependency section */
		557E733C1A720D6F009CF4D9 /* PBXTargetDependency */ = {
			isa = PBXTargetDependency;
			target = 557E73241A720D6F009CF4D9 /* chapter7_animationWithDuration_center */;
			targetProxy = 557E733B1A720D6F009CF4D9 /* PBXContainerItemProxy */;
		};
/* End PBXTargetDependency section */

/* Begin PBXVariantGroup section */
		557E732E1A720D6F009CF4D9 /* Main.storyboard */ = {
			isa = PBXVariantGroup;
			children = (
				557E732F1A720D6F009CF4D9 /* Base */,
			);
			name = Main.storyboard;
			sourceTree = "<group>";
		};
		557E73331A720D6F009CF4D9 /* LaunchScreen.xib */ = {
			isa = PBXVariantGroup;
			children = (
				557E73341A720D6F009CF4D9 /* Base */,
			);
			name = LaunchScreen.xib;
			sourceTree = "<group>";
		};
/* End PBXVariantGroup section */

/* Begin XCBuildConfiguration section */
		557E73421A720D6F009CF4D9 /* Debug */ = {
			isa = XCBuildConfiguration;
			buildSettings = {
				ALWAYS_SEARCH_USER_PATHS = NO;
				CLANG_CXX_LANGUAGE_STANDARD = "gnu++0x";
				CLANG_CXX_LIBRARY = "libc++";
				CLANG_ENABLE_MODULES = YES;
				CLANG_ENABLE_OBJC_ARC = YES;
				CLANG_WARN_BOOL_CONVERSION = YES;
				CLANG_WARN_CONSTANT_CONVERSION = YES;
				CLANG_WARN_DIRECT_OBJC_ISA_USAGE = YES_ERROR;
				CLANG_WARN_EMPTY_BODY = YES;
				CLANG_WARN_ENUM_CONVERSION = YES;
				CLANG_WARN_INT_CONVERSION = YES;
				CLANG_WARN_OBJC_ROOT_CLASS = YES_ERROR;
				CLANG_WARN_UNREACHABLE_CODE = YES;
				CLANG_WARN__DUPLICATE_METHOD_MATCH = YES;
				"CODE_SIGN_IDENTITY[sdk=iphoneos*]" = "iPhone Developer";
				COPY_PHASE_STRIP = NO;
				ENABLE_STRICT_OBJC_MSGSEND = YES;
				GCC_C_LANGUAGE_STANDARD = gnu99;
				GCC_DYNAMIC_NO_PIC = NO;
				GCC_OPTIMIZATION_LEVEL = 0;
				GCC_PREPROCESSOR_DEFINITIONS = (
					"DEBUG=1",
					"$(inherited)",
				);
				GCC_SYMBOLS_PRIVATE_EXTERN = NO;
				GCC_WARN_64_TO_32_BIT_CONVERSION = YES;
				GCC_WARN_ABOUT_RETURN_TYPE = YES_ERROR;
				GCC_WARN_UNDECLARED_SELECTOR = YES;
				GCC_WARN_UNINITIALIZED_AUTOS = YES_AGGRESSIVE;
				GCC_WARN_UNUSED_FUNCTION = YES;
				GCC_WARN_UNUSED_VARIABLE = YES;
				IPHONEOS_DEPLOYMENT_TARGET = 8.1;
				MTL_ENABLE_DEBUG_INFO = YES;
				ONLY_ACTIVE_ARCH = YES;
				SDKROOT = iphoneos;
				SWIFT_OPTIMIZATION_LEVEL = "-Onone";
			};
			name = Debug;
		};
		557E73431A720D6F009CF4D9 /* Release */ = {
			isa = XCBuildConfiguration;
			buildSettings = {
				ALWAYS_SEARCH_USER_PATHS = NO;
				CLANG_CXX_LANGUAGE_STANDARD = "gnu++0x";
				CLANG_CXX_LIBRARY = "libc++";
				CLANG_ENABLE_MODULES = YES;
				CLANG_ENABLE_OBJC_ARC = YES;
				CLANG_WARN_BOOL_CONVERSION = YES;
				CLANG_WARN_CONSTANT_CONVERSION = YES;
				CLANG_WARN_DIRECT_OBJC_ISA_USAGE = YES_ERROR;
				CLANG_WARN_EMPTY_BODY = YES;
				CLANG_WARN_ENUM_CONVERSION = YES;
				CLANG_WARN_INT_CONVERSION = YES;
				CLANG_WARN_OBJC_ROOT_CLASS = YES_ERROR;
				CLANG_WARN_UNREACHABLE_CODE = YES;
				CLANG_WARN__DUPLICATE_METHOD_MATCH = YES;
				"CODE_SIGN_IDENTITY[sdk=iphoneos*]" = "iPhone Developer";
				COPY_PHASE_STRIP = YES;
				ENABLE_NS_ASSERTIONS = NO;
				ENABLE_STRICT_OBJC_MSGSEND = YES;
				GCC_C_LANGUAGE_STANDARD = gnu99;
				GCC_WARN_64_TO_32_BIT_CONVERSION = YES;
				GCC_WARN_ABOUT_RETURN_TYPE = YES_ERROR;
				GCC_WARN_UNDECLARED_SELECTOR = YES;
				GCC_WARN_UNINITIALIZED_AUTOS = YES_AGGRESSIVE;
				GCC_WARN_UNUSED_FUNCTION = YES;
				GCC_WARN_UNUSED_VARIABLE = YES;
				IPHONEOS_DEPLOYMENT_TARGET = 8.1;
				MTL_ENABLE_DEBUG_INFO = NO;
				SDKROOT = iphoneos;
				VALIDATE_PRODUCT = YES;
			};
			name = Release;
		};
		557E73451A720D6F009CF4D9 /* Debug */ = {
			isa = XCBuildConfiguration;
			buildSettings = {
				ASSETCATALOG_COMPILER_APPICON_NAME = AppIcon;
				INFOPLIST_FILE = chapter7_animationWithDuration_center/Info.plist;
				LD_RUNPATH_SEARCH_PATHS = "$(inherited) @executable_path/Frameworks";
				PRODUCT_NAME = "$(TARGET_NAME)";
			};
			name = Debug;
		};
		557E73461A720D6F009CF4D9 /* Release */ = {
			isa = XCBuildConfiguration;
			buildSettings = {
				ASSETCATALOG_COMPILER_APPICON_NAME = AppIcon;
				INFOPLIST_FILE = chapter7_animationWithDuration_center/Info.plist;
				LD_RUNPATH_SEARCH_PATHS = "$(inherited) @executable_path/Frameworks";
				PRODUCT_NAME = "$(TARGET_NAME)";
			};
			name = Release;
		};
		557E73481A720D6F009CF4D9 /* Debug */ = {
			isa = XCBuildConfiguration;
			buildSettings = {
				BUNDLE_LOADER = "$(TEST_HOST)";
				FRAMEWORK_SEARCH_PATHS = (
					"$(SDKROOT)/Developer/Library/Frameworks",
					"$(inherited)",
				);
				GCC_PREPROCESSOR_DEFINITIONS = (
					"DEBUG=1",
					"$(inherited)",
				);
				INFOPLIST_FILE = chapter7_animationWithDuration_centerTests/Info.plist;
				LD_RUNPATH_SEARCH_PATHS = "$(inherited) @executable_path/Frameworks @loader_path/Frameworks";
				PRODUCT_NAME = "$(TARGET_NAME)";
				TEST_HOST = "$(BUILT_PRODUCTS_DIR)/chapter7_animationWithDuration_center.app/chapter7_animationWithDuration_center";
			};
			name = Debug;
		};
		557E73491A720D6F009CF4D9 /* Release */ = {
			isa = XCBuildConfiguration;
			buildSettings = {
				BUNDLE_LOADER = "$(TEST_HOST)";
				FRAMEWORK_SEARCH_PATHS = (
					"$(SDKROOT)/Developer/Library/Frameworks",
					"$(inherited)",
				);
				INFOPLIST_FILE = chapter7_animationWithDuration_centerTests/Info.plist;
				LD_RUNPATH_SEARCH_PATHS = "$(inherited) @executable_path/Frameworks @loader_path/Frameworks";
				PRODUCT_NAME = "$(TARGET_NAME)";
				TEST_HOST = "$(BUILT_PRODUCTS_DIR)/chapter7_animationWithDuration_center.app/chapter7_animationWithDuration_center";
			};
			name = Release;
		};
/* End XCBuildConfiguration section */

/* Begin XCConfigurationList section */
		557E73201A720D6F009CF4D9 /* Build configuration list for PBXProject "chapter7_animationWithDuration_center" */ = {
			isa = XCConfigurationList;
			buildConfigurations = (
				557E73421A720D6F009CF4D9 /* Debug */,
				557E73431A720D6F009CF4D9 /* Release */,
			);
			defaultConfigurationIsVisible = 0;
			defaultConfigurationName = Release;
		};
		557E73441A720D6F009CF4D9 /* Build configuration list for PBXNativeTarget "chapter7_animationWithDuration_center" */ = {
			isa = XCConfigurationList;
			buildConfigurations = (
				557E73451A720D6F009CF4D9 /* Debug */,
				557E73461A720D6F009CF4D9 /* Release */,
			);
			defaultConfigurationIsVisible = 0;
		};
		557E73471A720D6F009CF4D9 /* Build configuration list for PBXNativeTarget "chapter7_animationWithDuration_centerTests" */ = {
			isa = XCConfigurationList;
			buildConfigurations = (
				557E73481A720D6F009CF4D9 /* Debug */,
				557E73491A720D6F009CF4D9 /* Release */,
			);
			defaultConfigurationIsVisible = 0;
		};
/* End XCConfigurationList section */
	};
	rootObject = 557E731D1A720D6F009CF4D9 /* Project object */;
}
