// !$*UTF8*$!
{
	archiveVersion = 1;
	classes = {
	};
	objectVersion = 46;
	objects = {

/* Begin PBXBuildFile section */
		557E735B1A7221B4009CF4D9 /* AppDelegate.swift in Sources */ = {isa = PBXBuildFile; fileRef = 557E735A1A7221B4009CF4D9 /* AppDelegate.swift */; };
		557E735D1A7221B4009CF4D9 /* ViewController.swift in Sources */ = {isa = PBXBuildFile; fileRef = 557E735C1A7221B4009CF4D9 /* ViewController.swift */; };
		557E73601A7221B4009CF4D9 /* Main.storyboard in Resources */ = {isa = PBXBuildFile; fileRef = 557E735E1A7221B4009CF4D9 /* Main.storyboard */; };
		557E73621A7221B4009CF4D9 /* Images.xcassets in Resources */ = {isa = PBXBuildFile; fileRef = 557E73611A7221B4009CF4D9 /* Images.xcassets */; };
		557E73651A7221B4009CF4D9 /* LaunchScreen.xib in Resources */ = {isa = PBXBuildFile; fileRef = 557E73631A7221B4009CF4D9 /* LaunchScreen.xib */; };
		557E73711A7221B4009CF4D9 /* chapter8_segue_modalTests.swift in Sources */ = {isa = PBXBuildFile; fileRef = 557E73701A7221B4009CF4D9 /* chapter8_segue_modalTests.swift */; };
		557E737B1A722CB2009CF4D9 /* SecondViewController.swift in Sources */ = {isa = PBXBuildFile; fileRef = 557E737A1A722CB2009CF4D9 /* SecondViewController.swift */; };
/* End PBXBuildFile section */

/* Begin PBXContainerItemProxy section */
		557E736B1A7221B4009CF4D9 /* PBXContainerItemProxy */ = {
			isa = PBXContainerItemProxy;
			containerPortal = 557E734D1A7221B4009CF4D9 /* Project object */;
			proxyType = 1;
			remoteGlobalIDString = 557E73541A7221B4009CF4D9;
			remoteInfo = chapter8_segue_modal;
		};
/* End PBXContainerItemProxy section */

/* Begin PBXFileReference section */
		557E73551A7221B4009CF4D9 /* chapter8_segue_modal.app */ = {isa = PBXFileReference; explicitFileType = wrapper.application; includeInIndex = 0; path = chapter8_segue_modal.app; sourceTree = BUILT_PRODUCTS_DIR; };
		557E73591A7221B4009CF4D9 /* Info.plist */ = {isa = PBXFileReference; lastKnownFileType = text.plist.xml; path = Info.plist; sourceTree = "<group>"; };
		557E735A1A7221B4009CF4D9 /* AppDelegate.swift */ = {isa = PBXFileReference; lastKnownFileType = sourcecode.swift; path = AppDelegate.swift; sourceTree = "<group>"; };
		557E735C1A7221B4009CF4D9 /* ViewController.swift */ = {isa = PBXFileReference; lastKnownFileType = sourcecode.swift; path = ViewController.swift; sourceTree = "<group>"; };
		557E735F1A7221B4009CF4D9 /* Base */ = {isa = PBXFileReference; lastKnownFileType = file.storyboard; name = Base; path = Base.lproj/Main.storyboard; sourceTree = "<group>"; };
		557E73611A7221B4009CF4D9 /* Images.xcassets */ = {isa = PBXFileReference; lastKnownFileType = folder.assetcatalog; path = Images.xcassets; sourceTree = "<group>"; };
		557E73641A7221B4009CF4D9 /* Base */ = {isa = PBXFileReference; lastKnownFileType = file.xib; name = Base; path = Base.lproj/LaunchScreen.xib; sourceTree = "<group>"; };
		557E736A1A7221B4009CF4D9 /* chapter8_segue_modalTests.xctest */ = {isa = PBXFileReference; explicitFileType = wrapper.cfbundle; includeInIndex = 0; path = chapter8_segue_modalTests.xctest; sourceTree = BUILT_PRODUCTS_DIR; };
		557E736F1A7221B4009CF4D9 /* Info.plist */ = {isa = PBXFileReference; lastKnownFileType = text.plist.xml; path = Info.plist; sourceTree = "<group>"; };
		557E73701A7221B4009CF4D9 /* chapter8_segue_modalTests.swift */ = {isa = PBXFileReference; lastKnownFileType = sourcecode.swift; path = chapter8_segue_modalTests.swift; sourceTree = "<group>"; };
		557E737A1A722CB2009CF4D9 /* SecondViewController.swift */ = {isa = PBXFileReference; fileEncoding = 4; lastKnownFileType = sourcecode.swift; path = SecondViewController.swift; sourceTree = "<group>"; };
/* End PBXFileReference section */

/* Begin PBXFrameworksBuildPhase section */
		557E73521A7221B4009CF4D9 /* Frameworks */ = {
			isa = PBXFrameworksBuildPhase;
			buildActionMask = 2147483647;
			files = (
			);
			runOnlyForDeploymentPostprocessing = 0;
		};
		557E73671A7221B4009CF4D9 /* Frameworks */ = {
			isa = PBXFrameworksBuildPhase;
			buildActionMask = 2147483647;
			files = (
			);
			runOnlyForDeploymentPostprocessing = 0;
		};
/* End PBXFrameworksBuildPhase section */

/* Begin PBXGroup section */
		557E734C1A7221B4009CF4D9 = {
			isa = PBXGroup;
			children = (
				557E73571A7221B4009CF4D9 /* chapter8_segue_modal */,
				557E736D1A7221B4009CF4D9 /* chapter8_segue_modalTests */,
				557E73561A7221B4009CF4D9 /* Products */,
			);
			sourceTree = "<group>";
		};
		557E73561A7221B4009CF4D9 /* Products */ = {
			isa = PBXGroup;
			children = (
				557E73551A7221B4009CF4D9 /* chapter8_segue_modal.app */,
				557E736A1A7221B4009CF4D9 /* chapter8_segue_modalTests.xctest */,
			);
			name = Products;
			sourceTree = "<group>";
		};
		557E73571A7221B4009CF4D9 /* chapter8_segue_modal */ = {
			isa = PBXGroup;
			children = (
				557E735A1A7221B4009CF4D9 /* AppDelegate.swift */,
				557E735C1A7221B4009CF4D9 /* ViewController.swift */,
				557E737A1A722CB2009CF4D9 /* SecondViewController.swift */,
				557E735E1A7221B4009CF4D9 /* Main.storyboard */,
				557E73611A7221B4009CF4D9 /* Images.xcassets */,
				557E73631A7221B4009CF4D9 /* LaunchScreen.xib */,
				557E73581A7221B4009CF4D9 /* Supporting Files */,
			);
			path = chapter8_segue_modal;
			sourceTree = "<group>";
		};
		557E73581A7221B4009CF4D9 /* Supporting Files */ = {
			isa = PBXGroup;
			children = (
				557E73591A7221B4009CF4D9 /* Info.plist */,
			);
			name = "Supporting Files";
			sourceTree = "<group>";
		};
		557E736D1A7221B4009CF4D9 /* chapter8_segue_modalTests */ = {
			isa = PBXGroup;
			children = (
				557E73701A7221B4009CF4D9 /* chapter8_segue_modalTests.swift */,
				557E736E1A7221B4009CF4D9 /* Supporting Files */,
			);
			path = chapter8_segue_modalTests;
			sourceTree = "<group>";
		};
		557E736E1A7221B4009CF4D9 /* Supporting Files */ = {
			isa = PBXGroup;
			children = (
				557E736F1A7221B4009CF4D9 /* Info.plist */,
			);
			name = "Supporting Files";
			sourceTree = "<group>";
		};
/* End PBXGroup section */

/* Begin PBXNativeTarget section */
		557E73541A7221B4009CF4D9 /* chapter8_segue_modal */ = {
			isa = PBXNativeTarget;
			buildConfigurationList = 557E73741A7221B4009CF4D9 /* Build configuration list for PBXNativeTarget "chapter8_segue_modal" */;
			buildPhases = (
				557E73511A7221B4009CF4D9 /* Sources */,
				557E73521A7221B4009CF4D9 /* Frameworks */,
				557E73531A7221B4009CF4D9 /* Resources */,
			);
			buildRules = (
			);
			dependencies = (
			);
			name = chapter8_segue_modal;
			productName = chapter8_segue_modal;
			productReference = 557E73551A7221B4009CF4D9 /* chapter8_segue_modal.app */;
			productType = "com.apple.product-type.application";
		};
		557E73691A7221B4009CF4D9 /* chapter8_segue_modalTests */ = {
			isa = PBXNativeTarget;
			buildConfigurationList = 557E73771A7221B4009CF4D9 /* Build configuration list for PBXNativeTarget "chapter8_segue_modalTests" */;
			buildPhases = (
				557E73661A7221B4009CF4D9 /* Sources */,
				557E73671A7221B4009CF4D9 /* Frameworks */,
				557E73681A7221B4009CF4D9 /* Resources */,
			);
			buildRules = (
			);
			dependencies = (
				557E736C1A7221B4009CF4D9 /* PBXTargetDependency */,
			);
			name = chapter8_segue_modalTests;
			productName = chapter8_segue_modalTests;
			productReference = 557E736A1A7221B4009CF4D9 /* chapter8_segue_modalTests.xctest */;
			productType = "com.apple.product-type.bundle.unit-test";
		};
/* End PBXNativeTarget section */

/* Begin PBXProject section */
		557E734D1A7221B4009CF4D9 /* Project object */ = {
			isa = PBXProject;
			attributes = {
				LastUpgradeCheck = 0610;
				ORGANIZATIONNAME = "Kohei Hayakawa";
				TargetAttributes = {
					557E73541A7221B4009CF4D9 = {
						CreatedOnToolsVersion = 6.1.1;
					};
					557E73691A7221B4009CF4D9 = {
						CreatedOnToolsVersion = 6.1.1;
						TestTargetID = 557E73541A7221B4009CF4D9;
					};
				};
			};
			buildConfigurationList = 557E73501A7221B4009CF4D9 /* Build configuration list for PBXProject "chapter8_segue_modal" */;
			compatibilityVersion = "Xcode 3.2";
			developmentRegion = English;
			hasScannedForEncodings = 0;
			knownRegions = (
				en,
				Base,
			);
			mainGroup = 557E734C1A7221B4009CF4D9;
			productRefGroup = 557E73561A7221B4009CF4D9 /* Products */;
			projectDirPath = "";
			projectRoot = "";
			targets = (
				557E73541A7221B4009CF4D9 /* chapter8_segue_modal */,
				557E73691A7221B4009CF4D9 /* chapter8_segue_modalTests */,
			);
		};
/* End PBXProject section */

/* Begin PBXResourcesBuildPhase section */
		557E73531A7221B4009CF4D9 /* Resources */ = {
			isa = PBXResourcesBuildPhase;
			buildActionMask = 2147483647;
			files = (
				557E73601A7221B4009CF4D9 /* Main.storyboard in Resources */,
				557E73651A7221B4009CF4D9 /* LaunchScreen.xib in Resources */,
				557E73621A7221B4009CF4D9 /* Images.xcassets in Resources */,
			);
			runOnlyForDeploymentPostprocessing = 0;
		};
		557E73681A7221B4009CF4D9 /* Resources */ = {
			isa = PBXResourcesBuildPhase;
			buildActionMask = 2147483647;
			files = (
			);
			runOnlyForDeploymentPostprocessing = 0;
		};
/* End PBXResourcesBuildPhase section */

/* Begin PBXSourcesBuildPhase section */
		557E73511A7221B4009CF4D9 /* Sources */ = {
			isa = PBXSourcesBuildPhase;
			buildActionMask = 2147483647;
			files = (
				557E737B1A722CB2009CF4D9 /* SecondViewController.swift in Sources */,
				557E735D1A7221B4009CF4D9 /* ViewController.swift in Sources */,
				557E735B1A7221B4009CF4D9 /* AppDelegate.swift in Sources */,
			);
			runOnlyForDeploymentPostprocessing = 0;
		};
		557E73661A7221B4009CF4D9 /* Sources */ = {
			isa = PBXSourcesBuildPhase;
			buildActionMask = 2147483647;
			files = (
				557E73711A7221B4009CF4D9 /* chapter8_segue_modalTests.swift in Sources */,
			);
			runOnlyForDeploymentPostprocessing = 0;
		};
/* End PBXSourcesBuildPhase section */

/* Begin PBXTargetDependency section */
		557E736C1A7221B4009CF4D9 /* PBXTargetDependency */ = {
			isa = PBXTargetDependency;
			target = 557E73541A7221B4009CF4D9 /* chapter8_segue_modal */;
			targetProxy = 557E736B1A7221B4009CF4D9 /* PBXContainerItemProxy */;
		};
/* End PBXTargetDependency section */

/* Begin PBXVariantGroup section */
		557E735E1A7221B4009CF4D9 /* Main.storyboard */ = {
			isa = PBXVariantGroup;
			children = (
				557E735F1A7221B4009CF4D9 /* Base */,
			);
			name = Main.storyboard;
			sourceTree = "<group>";
		};
		557E73631A7221B4009CF4D9 /* LaunchScreen.xib */ = {
			isa = PBXVariantGroup;
			children = (
				557E73641A7221B4009CF4D9 /* Base */,
			);
			name = LaunchScreen.xib;
			sourceTree = "<group>";
		};
/* End PBXVariantGroup section */

/* Begin XCBuildConfiguration section */
		557E73721A7221B4009CF4D9 /* Debug */ = {
			isa = XCBuildConfiguration;
			buildSettings = {
				ALWAYS_SEARCH_USER_PATHS = NO;
				CLANG_CXX_LANGUAGE_STANDARD = "gnu++0x";
				CLANG_CXX_LIBRARY = "libc++";
				CLANG_ENABLE_MODULES = YES;
				CLANG_ENABLE_OBJC_ARC = YES;
				CLANG_WARN_BOOL_CONVERSION = YES;
				CLANG_WARN_CONSTANT_CONVERSION = YES;
				CLANG_WARN_DIRECT_OBJC_ISA_USAGE = YES_ERROR;
				CLANG_WARN_EMPTY_BODY = YES;
				CLANG_WARN_ENUM_CONVERSION = YES;
				CLANG_WARN_INT_CONVERSION = YES;
				CLANG_WARN_OBJC_ROOT_CLASS = YES_ERROR;
				CLANG_WARN_UNREACHABLE_CODE = YES;
				CLANG_WARN__DUPLICATE_METHOD_MATCH = YES;
				"CODE_SIGN_IDENTITY[sdk=iphoneos*]" = "iPhone Developer";
				COPY_PHASE_STRIP = NO;
				ENABLE_STRICT_OBJC_MSGSEND = YES;
				GCC_C_LANGUAGE_STANDARD = gnu99;
				GCC_DYNAMIC_NO_PIC = NO;
				GCC_OPTIMIZATION_LEVEL = 0;
				GCC_PREPROCESSOR_DEFINITIONS = (
					"DEBUG=1",
					"$(inherited)",
				);
				GCC_SYMBOLS_PRIVATE_EXTERN = NO;
				GCC_WARN_64_TO_32_BIT_CONVERSION = YES;
				GCC_WARN_ABOUT_RETURN_TYPE = YES_ERROR;
				GCC_WARN_UNDECLARED_SELECTOR = YES;
				GCC_WARN_UNINITIALIZED_AUTOS = YES_AGGRESSIVE;
				GCC_WARN_UNUSED_FUNCTION = YES;
				GCC_WARN_UNUSED_VARIABLE = YES;
				IPHONEOS_DEPLOYMENT_TARGET = 8.1;
				MTL_ENABLE_DEBUG_INFO = YES;
				ONLY_ACTIVE_ARCH = YES;
				SDKROOT = iphoneos;
				SWIFT_OPTIMIZATION_LEVEL = "-Onone";
			};
			name = Debug;
		};
		557E73731A7221B4009CF4D9 /* Release */ = {
			isa = XCBuildConfiguration;
			buildSettings = {
				ALWAYS_SEARCH_USER_PATHS = NO;
				CLANG_CXX_LANGUAGE_STANDARD = "gnu++0x";
				CLANG_CXX_LIBRARY = "libc++";
				CLANG_ENABLE_MODULES = YES;
				CLANG_ENABLE_OBJC_ARC = YES;
				CLANG_WARN_BOOL_CONVERSION = YES;
				CLANG_WARN_CONSTANT_CONVERSION = YES;
				CLANG_WARN_DIRECT_OBJC_ISA_USAGE = YES_ERROR;
				CLANG_WARN_EMPTY_BODY = YES;
				CLANG_WARN_ENUM_CONVERSION = YES;
				CLANG_WARN_INT_CONVERSION = YES;
				CLANG_WARN_OBJC_ROOT_CLASS = YES_ERROR;
				CLANG_WARN_UNREACHABLE_CODE = YES;
				CLANG_WARN__DUPLICATE_METHOD_MATCH = YES;
				"CODE_SIGN_IDENTITY[sdk=iphoneos*]" = "iPhone Developer";
				COPY_PHASE_STRIP = YES;
				ENABLE_NS_ASSERTIONS = NO;
				ENABLE_STRICT_OBJC_MSGSEND = YES;
				GCC_C_LANGUAGE_STANDARD = gnu99;
				GCC_WARN_64_TO_32_BIT_CONVERSION = YES;
				GCC_WARN_ABOUT_RETURN_TYPE = YES_ERROR;
				GCC_WARN_UNDECLARED_SELECTOR = YES;
				GCC_WARN_UNINITIALIZED_AUTOS = YES_AGGRESSIVE;
				GCC_WARN_UNUSED_FUNCTION = YES;
				GCC_WARN_UNUSED_VARIABLE = YES;
				IPHONEOS_DEPLOYMENT_TARGET = 8.1;
				MTL_ENABLE_DEBUG_INFO = NO;
				SDKROOT = iphoneos;
				VALIDATE_PRODUCT = YES;
			};
			name = Release;
		};
		557E73751A7221B4009CF4D9 /* Debug */ = {
			isa = XCBuildConfiguration;
			buildSettings = {
				ASSETCATALOG_COMPILER_APPICON_NAME = AppIcon;
				INFOPLIST_FILE = chapter8_segue_modal/Info.plist;
				LD_RUNPATH_SEARCH_PATHS = "$(inherited) @executable_path/Frameworks";
				PRODUCT_NAME = "$(TARGET_NAME)";
			};
			name = Debug;
		};
		557E73761A7221B4009CF4D9 /* Release */ = {
			isa = XCBuildConfiguration;
			buildSettings = {
				ASSETCATALOG_COMPILER_APPICON_NAME = AppIcon;
				INFOPLIST_FILE = chapter8_segue_modal/Info.plist;
				LD_RUNPATH_SEARCH_PATHS = "$(inherited) @executable_path/Frameworks";
				PRODUCT_NAME = "$(TARGET_NAME)";
			};
			name = Release;
		};
		557E73781A7221B4009CF4D9 /* Debug */ = {
			isa = XCBuildConfiguration;
			buildSettings = {
				BUNDLE_LOADER = "$(TEST_HOST)";
				FRAMEWORK_SEARCH_PATHS = (
					"$(SDKROOT)/Developer/Library/Frameworks",
					"$(inherited)",
				);
				GCC_PREPROCESSOR_DEFINITIONS = (
					"DEBUG=1",
					"$(inherited)",
				);
				INFOPLIST_FILE = chapter8_segue_modalTests/Info.plist;
				LD_RUNPATH_SEARCH_PATHS = "$(inherited) @executable_path/Frameworks @loader_path/Frameworks";
				PRODUCT_NAME = "$(TARGET_NAME)";
				TEST_HOST = "$(BUILT_PRODUCTS_DIR)/chapter8_segue_modal.app/chapter8_segue_modal";
			};
			name = Debug;
		};
		557E73791A7221B4009CF4D9 /* Release */ = {
			isa = XCBuildConfiguration;
			buildSettings = {
				BUNDLE_LOADER = "$(TEST_HOST)";
				FRAMEWORK_SEARCH_PATHS = (
					"$(SDKROOT)/Developer/Library/Frameworks",
					"$(inherited)",
				);
				INFOPLIST_FILE = chapter8_segue_modalTests/Info.plist;
				LD_RUNPATH_SEARCH_PATHS = "$(inherited) @executable_path/Frameworks @loader_path/Frameworks";
				PRODUCT_NAME = "$(TARGET_NAME)";
				TEST_HOST = "$(BUILT_PRODUCTS_DIR)/chapter8_segue_modal.app/chapter8_segue_modal";
			};
			name = Release;
		};
/* End XCBuildConfiguration section */

/* Begin XCConfigurationList section */
		557E73501A7221B4009CF4D9 /* Build configuration list for PBXProject "chapter8_segue_modal" */ = {
			isa = XCConfigurationList;
			buildConfigurations = (
				557E73721A7221B4009CF4D9 /* Debug */,
				557E73731A7221B4009CF4D9 /* Release */,
			);
			defaultConfigurationIsVisible = 0;
			defaultConfigurationName = Release;
		};
		557E73741A7221B4009CF4D9 /* Build configuration list for PBXNativeTarget "chapter8_segue_modal" */ = {
			isa = XCConfigurationList;
			buildConfigurations = (
				557E73751A7221B4009CF4D9 /* Debug */,
				557E73761A7221B4009CF4D9 /* Release */,
			);
			defaultConfigurationIsVisible = 0;
		};
		557E73771A7221B4009CF4D9 /* Build configuration list for PBXNativeTarget "chapter8_segue_modalTests" */ = {
			isa = XCConfigurationList;
			buildConfigurations = (
				557E73781A7221B4009CF4D9 /* Debug */,
				557E73791A7221B4009CF4D9 /* Release */,
			);
			defaultConfigurationIsVisible = 0;
		};
/* End XCConfigurationList section */
	};
	rootObject = 557E734D1A7221B4009CF4D9 /* Project object */;
}
