// !$*UTF8*$!
{
	archiveVersion = 1;
	classes = {
	};
	objectVersion = 46;
	objects = {

/* Begin PBXBuildFile section */
		5565A0F51A7398A90099DDA3 /* AppDelegate.swift in Sources */ = {isa = PBXBuildFile; fileRef = 5565A0F41A7398A90099DDA3 /* AppDelegate.swift */; };
		5565A0F71A7398A90099DDA3 /* ViewController.swift in Sources */ = {isa = PBXBuildFile; fileRef = 5565A0F61A7398A90099DDA3 /* ViewController.swift */; };
		5565A0FA1A7398A90099DDA3 /* Main.storyboard in Resources */ = {isa = PBXBuildFile; fileRef = 5565A0F81A7398A90099DDA3 /* Main.storyboard */; };
		5565A0FC1A7398A90099DDA3 /* Images.xcassets in Resources */ = {isa = PBXBuildFile; fileRef = 5565A0FB1A7398A90099DDA3 /* Images.xcassets */; };
		5565A0FF1A7398AA0099DDA3 /* LaunchScreen.xib in Resources */ = {isa = PBXBuildFile; fileRef = 5565A0FD1A7398AA0099DDA3 /* LaunchScreen.xib */; };
		5565A10B1A7398AA0099DDA3 /* chapter8_tableviewTests.swift in Sources */ = {isa = PBXBuildFile; fileRef = 5565A10A1A7398AA0099DDA3 /* chapter8_tableviewTests.swift */; };
		5565A1151A739A4A0099DDA3 /* WebListTableViewController.swift in Sources */ = {isa = PBXBuildFile; fileRef = 5565A1141A739A4A0099DDA3 /* WebListTableViewController.swift */; };
/* End PBXBuildFile section */

/* Begin PBXContainerItemProxy section */
		5565A1051A7398AA0099DDA3 /* PBXContainerItemProxy */ = {
			isa = PBXContainerItemProxy;
			containerPortal = 5565A0E71A7398A90099DDA3 /* Project object */;
			proxyType = 1;
			remoteGlobalIDString = 5565A0EE1A7398A90099DDA3;
			remoteInfo = chapter8_tableview;
		};
/* End PBXContainerItemProxy section */

/* Begin PBXFileReference section */
		5565A0EF1A7398A90099DDA3 /* chapter8_tableview.app */ = {isa = PBXFileReference; explicitFileType = wrapper.application; includeInIndex = 0; path = chapter8_tableview.app; sourceTree = BUILT_PRODUCTS_DIR; };
		5565A0F31A7398A90099DDA3 /* Info.plist */ = {isa = PBXFileReference; lastKnownFileType = text.plist.xml; path = Info.plist; sourceTree = "<group>"; };
		5565A0F41A7398A90099DDA3 /* AppDelegate.swift */ = {isa = PBXFileReference; lastKnownFileType = sourcecode.swift; path = AppDelegate.swift; sourceTree = "<group>"; };
		5565A0F61A7398A90099DDA3 /* ViewController.swift */ = {isa = PBXFileReference; lastKnownFileType = sourcecode.swift; path = ViewController.swift; sourceTree = "<group>"; };
		5565A0F91A7398A90099DDA3 /* Base */ = {isa = PBXFileReference; lastKnownFileType = file.storyboard; name = Base; path = Base.lproj/Main.storyboard; sourceTree = "<group>"; };
		5565A0FB1A7398A90099DDA3 /* Images.xcassets */ = {isa = PBXFileReference; lastKnownFileType = folder.assetcatalog; path = Images.xcassets; sourceTree = "<group>"; };
		5565A0FE1A7398AA0099DDA3 /* Base */ = {isa = PBXFileReference; lastKnownFileType = file.xib; name = Base; path = Base.lproj/LaunchScreen.xib; sourceTree = "<group>"; };
		5565A1041A7398AA0099DDA3 /* chapter8_tableviewTests.xctest */ = {isa = PBXFileReference; explicitFileType = wrapper.cfbundle; includeInIndex = 0; path = chapter8_tableviewTests.xctest; sourceTree = BUILT_PRODUCTS_DIR; };
		5565A1091A7398AA0099DDA3 /* Info.plist */ = {isa = PBXFileReference; lastKnownFileType = text.plist.xml; path = Info.plist; sourceTree = "<group>"; };
		5565A10A1A7398AA0099DDA3 /* chapter8_tableviewTests.swift */ = {isa = PBXFileReference; lastKnownFileType = sourcecode.swift; path = chapter8_tableviewTests.swift; sourceTree = "<group>"; };
		5565A1141A739A4A0099DDA3 /* WebListTableViewController.swift */ = {isa = PBXFileReference; fileEncoding = 4; lastKnownFileType = sourcecode.swift; path = WebListTableViewController.swift; sourceTree = "<group>"; };
/* End PBXFileReference section */

/* Begin PBXFrameworksBuildPhase section */
		5565A0EC1A7398A90099DDA3 /* Frameworks */ = {
			isa = PBXFrameworksBuildPhase;
			buildActionMask = 2147483647;
			files = (
			);
			runOnlyForDeploymentPostprocessing = 0;
		};
		5565A1011A7398AA0099DDA3 /* Frameworks */ = {
			isa = PBXFrameworksBuildPhase;
			buildActionMask = 2147483647;
			files = (
			);
			runOnlyForDeploymentPostprocessing = 0;
		};
/* End PBXFrameworksBuildPhase section */

/* Begin PBXGroup section */
		5565A0E61A7398A90099DDA3 = {
			isa = PBXGroup;
			children = (
				5565A0F11A7398A90099DDA3 /* chapter8_tableview */,
				5565A1071A7398AA0099DDA3 /* chapter8_tableviewTests */,
				5565A0F01A7398A90099DDA3 /* Products */,
			);
			sourceTree = "<group>";
		};
		5565A0F01A7398A90099DDA3 /* Products */ = {
			isa = PBXGroup;
			children = (
				5565A0EF1A7398A90099DDA3 /* chapter8_tableview.app */,
				5565A1041A7398AA0099DDA3 /* chapter8_tableviewTests.xctest */,
			);
			name = Products;
			sourceTree = "<group>";
		};
		5565A0F11A7398A90099DDA3 /* chapter8_tableview */ = {
			isa = PBXGroup;
			children = (
				5565A0F41A7398A90099DDA3 /* AppDelegate.swift */,
				5565A0F61A7398A90099DDA3 /* ViewController.swift */,
				5565A1141A739A4A0099DDA3 /* WebListTableViewController.swift */,
				5565A0F81A7398A90099DDA3 /* Main.storyboard */,
				5565A0FB1A7398A90099DDA3 /* Images.xcassets */,
				5565A0FD1A7398AA0099DDA3 /* LaunchScreen.xib */,
				5565A0F21A7398A90099DDA3 /* Supporting Files */,
			);
			path = chapter8_tableview;
			sourceTree = "<group>";
		};
		5565A0F21A7398A90099DDA3 /* Supporting Files */ = {
			isa = PBXGroup;
			children = (
				5565A0F31A7398A90099DDA3 /* Info.plist */,
			);
			name = "Supporting Files";
			sourceTree = "<group>";
		};
		5565A1071A7398AA0099DDA3 /* chapter8_tableviewTests */ = {
			isa = PBXGroup;
			children = (
				5565A10A1A7398AA0099DDA3 /* chapter8_tableviewTests.swift */,
				5565A1081A7398AA0099DDA3 /* Supporting Files */,
			);
			path = chapter8_tableviewTests;
			sourceTree = "<group>";
		};
		5565A1081A7398AA0099DDA3 /* Supporting Files */ = {
			isa = PBXGroup;
			children = (
				5565A1091A7398AA0099DDA3 /* Info.plist */,
			);
			name = "Supporting Files";
			sourceTree = "<group>";
		};
/* End PBXGroup section */

/* Begin PBXNativeTarget section */
		5565A0EE1A7398A90099DDA3 /* chapter8_tableview */ = {
			isa = PBXNativeTarget;
			buildConfigurationList = 5565A10E1A7398AA0099DDA3 /* Build configuration list for PBXNativeTarget "chapter8_tableview" */;
			buildPhases = (
				5565A0EB1A7398A90099DDA3 /* Sources */,
				5565A0EC1A7398A90099DDA3 /* Frameworks */,
				5565A0ED1A7398A90099DDA3 /* Resources */,
			);
			buildRules = (
			);
			dependencies = (
			);
			name = chapter8_tableview;
			productName = chapter8_tableview;
			productReference = 5565A0EF1A7398A90099DDA3 /* chapter8_tableview.app */;
			productType = "com.apple.product-type.application";
		};
		5565A1031A7398AA0099DDA3 /* chapter8_tableviewTests */ = {
			isa = PBXNativeTarget;
			buildConfigurationList = 5565A1111A7398AA0099DDA3 /* Build configuration list for PBXNativeTarget "chapter8_tableviewTests" */;
			buildPhases = (
				5565A1001A7398AA0099DDA3 /* Sources */,
				5565A1011A7398AA0099DDA3 /* Frameworks */,
				5565A1021A7398AA0099DDA3 /* Resources */,
			);
			buildRules = (
			);
			dependencies = (
				5565A1061A7398AA0099DDA3 /* PBXTargetDependency */,
			);
			name = chapter8_tableviewTests;
			productName = chapter8_tableviewTests;
			productReference = 5565A1041A7398AA0099DDA3 /* chapter8_tableviewTests.xctest */;
			productType = "com.apple.product-type.bundle.unit-test";
		};
/* End PBXNativeTarget section */

/* Begin PBXProject section */
		5565A0E71A7398A90099DDA3 /* Project object */ = {
			isa = PBXProject;
			attributes = {
				LastUpgradeCheck = 0610;
				ORGANIZATIONNAME = "Kohei Hayakawa";
				TargetAttributes = {
					5565A0EE1A7398A90099DDA3 = {
						CreatedOnToolsVersion = 6.1.1;
					};
					5565A1031A7398AA0099DDA3 = {
						CreatedOnToolsVersion = 6.1.1;
						TestTargetID = 5565A0EE1A7398A90099DDA3;
					};
				};
			};
			buildConfigurationList = 5565A0EA1A7398A90099DDA3 /* Build configuration list for PBXProject "chapter8_tableview" */;
			compatibilityVersion = "Xcode 3.2";
			developmentRegion = English;
			hasScannedForEncodings = 0;
			knownRegions = (
				en,
				Base,
			);
			mainGroup = 5565A0E61A7398A90099DDA3;
			productRefGroup = 5565A0F01A7398A90099DDA3 /* Products */;
			projectDirPath = "";
			projectRoot = "";
			targets = (
				5565A0EE1A7398A90099DDA3 /* chapter8_tableview */,
				5565A1031A7398AA0099DDA3 /* chapter8_tableviewTests */,
			);
		};
/* End PBXProject section */

/* Begin PBXResourcesBuildPhase section */
		5565A0ED1A7398A90099DDA3 /* Resources */ = {
			isa = PBXResourcesBuildPhase;
			buildActionMask = 2147483647;
			files = (
				5565A0FA1A7398A90099DDA3 /* Main.storyboard in Resources */,
				5565A0FF1A7398AA0099DDA3 /* LaunchScreen.xib in Resources */,
				5565A0FC1A7398A90099DDA3 /* Images.xcassets in Resources */,
			);
			runOnlyForDeploymentPostprocessing = 0;
		};
		5565A1021A7398AA0099DDA3 /* Resources */ = {
			isa = PBXResourcesBuildPhase;
			buildActionMask = 2147483647;
			files = (
			);
			runOnlyForDeploymentPostprocessing = 0;
		};
/* End PBXResourcesBuildPhase section */

/* Begin PBXSourcesBuildPhase section */
		5565A0EB1A7398A90099DDA3 /* Sources */ = {
			isa = PBXSourcesBuildPhase;
			buildActionMask = 2147483647;
			files = (
				5565A0F71A7398A90099DDA3 /* ViewController.swift in Sources */,
				5565A0F51A7398A90099DDA3 /* AppDelegate.swift in Sources */,
				5565A1151A739A4A0099DDA3 /* WebListTableViewController.swift in Sources */,
			);
			runOnlyForDeploymentPostprocessing = 0;
		};
		5565A1001A7398AA0099DDA3 /* Sources */ = {
			isa = PBXSourcesBuildPhase;
			buildActionMask = 2147483647;
			files = (
				5565A10B1A7398AA0099DDA3 /* chapter8_tableviewTests.swift in Sources */,
			);
			runOnlyForDeploymentPostprocessing = 0;
		};
/* End PBXSourcesBuildPhase section */

/* Begin PBXTargetDependency section */
		5565A1061A7398AA0099DDA3 /* PBXTargetDependency */ = {
			isa = PBXTargetDependency;
			target = 5565A0EE1A7398A90099DDA3 /* chapter8_tableview */;
			targetProxy = 5565A1051A7398AA0099DDA3 /* PBXContainerItemProxy */;
		};
/* End PBXTargetDependency section */

/* Begin PBXVariantGroup section */
		5565A0F81A7398A90099DDA3 /* Main.storyboard */ = {
			isa = PBXVariantGroup;
			children = (
				5565A0F91A7398A90099DDA3 /* Base */,
			);
			name = Main.storyboard;
			sourceTree = "<group>";
		};
		5565A0FD1A7398AA0099DDA3 /* LaunchScreen.xib */ = {
			isa = PBXVariantGroup;
			children = (
				5565A0FE1A7398AA0099DDA3 /* Base */,
			);
			name = LaunchScreen.xib;
			sourceTree = "<group>";
		};
/* End PBXVariantGroup section */

/* Begin XCBuildConfiguration section */
		5565A10C1A7398AA0099DDA3 /* Debug */ = {
			isa = XCBuildConfiguration;
			buildSettings = {
				ALWAYS_SEARCH_USER_PATHS = NO;
				CLANG_CXX_LANGUAGE_STANDARD = "gnu++0x";
				CLANG_CXX_LIBRARY = "libc++";
				CLANG_ENABLE_MODULES = YES;
				CLANG_ENABLE_OBJC_ARC = YES;
				CLANG_WARN_BOOL_CONVERSION = YES;
				CLANG_WARN_CONSTANT_CONVERSION = YES;
				CLANG_WARN_DIRECT_OBJC_ISA_USAGE = YES_ERROR;
				CLANG_WARN_EMPTY_BODY = YES;
				CLANG_WARN_ENUM_CONVERSION = YES;
				CLANG_WARN_INT_CONVERSION = YES;
				CLANG_WARN_OBJC_ROOT_CLASS = YES_ERROR;
				CLANG_WARN_UNREACHABLE_CODE = YES;
				CLANG_WARN__DUPLICATE_METHOD_MATCH = YES;
				"CODE_SIGN_IDENTITY[sdk=iphoneos*]" = "iPhone Developer";
				COPY_PHASE_STRIP = NO;
				ENABLE_STRICT_OBJC_MSGSEND = YES;
				GCC_C_LANGUAGE_STANDARD = gnu99;
				GCC_DYNAMIC_NO_PIC = NO;
				GCC_OPTIMIZATION_LEVEL = 0;
				GCC_PREPROCESSOR_DEFINITIONS = (
					"DEBUG=1",
					"$(inherited)",
				);
				GCC_SYMBOLS_PRIVATE_EXTERN = NO;
				GCC_WARN_64_TO_32_BIT_CONVERSION = YES;
				GCC_WARN_ABOUT_RETURN_TYPE = YES_ERROR;
				GCC_WARN_UNDECLARED_SELECTOR = YES;
				GCC_WARN_UNINITIALIZED_AUTOS = YES_AGGRESSIVE;
				GCC_WARN_UNUSED_FUNCTION = YES;
				GCC_WARN_UNUSED_VARIABLE = YES;
				IPHONEOS_DEPLOYMENT_TARGET = 8.1;
				MTL_ENABLE_DEBUG_INFO = YES;
				ONLY_ACTIVE_ARCH = YES;
				SDKROOT = iphoneos;
				SWIFT_OPTIMIZATION_LEVEL = "-Onone";
			};
			name = Debug;
		};
		5565A10D1A7398AA0099DDA3 /* Release */ = {
			isa = XCBuildConfiguration;
			buildSettings = {
				ALWAYS_SEARCH_USER_PATHS = NO;
				CLANG_CXX_LANGUAGE_STANDARD = "gnu++0x";
				CLANG_CXX_LIBRARY = "libc++";
				CLANG_ENABLE_MODULES = YES;
				CLANG_ENABLE_OBJC_ARC = YES;
				CLANG_WARN_BOOL_CONVERSION = YES;
				CLANG_WARN_CONSTANT_CONVERSION = YES;
				CLANG_WARN_DIRECT_OBJC_ISA_USAGE = YES_ERROR;
				CLANG_WARN_EMPTY_BODY = YES;
				CLANG_WARN_ENUM_CONVERSION = YES;
				CLANG_WARN_INT_CONVERSION = YES;
				CLANG_WARN_OBJC_ROOT_CLASS = YES_ERROR;
				CLANG_WARN_UNREACHABLE_CODE = YES;
				CLANG_WARN__DUPLICATE_METHOD_MATCH = YES;
				"CODE_SIGN_IDENTITY[sdk=iphoneos*]" = "iPhone Developer";
				COPY_PHASE_STRIP = YES;
				ENABLE_NS_ASSERTIONS = NO;
				ENABLE_STRICT_OBJC_MSGSEND = YES;
				GCC_C_LANGUAGE_STANDARD = gnu99;
				GCC_WARN_64_TO_32_BIT_CONVERSION = YES;
				GCC_WARN_ABOUT_RETURN_TYPE = YES_ERROR;
				GCC_WARN_UNDECLARED_SELECTOR = YES;
				GCC_WARN_UNINITIALIZED_AUTOS = YES_AGGRESSIVE;
				GCC_WARN_UNUSED_FUNCTION = YES;
				GCC_WARN_UNUSED_VARIABLE = YES;
				IPHONEOS_DEPLOYMENT_TARGET = 8.1;
				MTL_ENABLE_DEBUG_INFO = NO;
				SDKROOT = iphoneos;
				VALIDATE_PRODUCT = YES;
			};
			name = Release;
		};
		5565A10F1A7398AA0099DDA3 /* Debug */ = {
			isa = XCBuildConfiguration;
			buildSettings = {
				ASSETCATALOG_COMPILER_APPICON_NAME = AppIcon;
				INFOPLIST_FILE = chapter8_tableview/Info.plist;
				LD_RUNPATH_SEARCH_PATHS = "$(inherited) @executable_path/Frameworks";
				PRODUCT_NAME = "$(TARGET_NAME)";
			};
			name = Debug;
		};
		5565A1101A7398AA0099DDA3 /* Release */ = {
			isa = XCBuildConfiguration;
			buildSettings = {
				ASSETCATALOG_COMPILER_APPICON_NAME = AppIcon;
				INFOPLIST_FILE = chapter8_tableview/Info.plist;
				LD_RUNPATH_SEARCH_PATHS = "$(inherited) @executable_path/Frameworks";
				PRODUCT_NAME = "$(TARGET_NAME)";
			};
			name = Release;
		};
		5565A1121A7398AA0099DDA3 /* Debug */ = {
			isa = XCBuildConfiguration;
			buildSettings = {
				BUNDLE_LOADER = "$(TEST_HOST)";
				FRAMEWORK_SEARCH_PATHS = (
					"$(SDKROOT)/Developer/Library/Frameworks",
					"$(inherited)",
				);
				GCC_PREPROCESSOR_DEFINITIONS = (
					"DEBUG=1",
					"$(inherited)",
				);
				INFOPLIST_FILE = chapter8_tableviewTests/Info.plist;
				LD_RUNPATH_SEARCH_PATHS = "$(inherited) @executable_path/Frameworks @loader_path/Frameworks";
				PRODUCT_NAME = "$(TARGET_NAME)";
				TEST_HOST = "$(BUILT_PRODUCTS_DIR)/chapter8_tableview.app/chapter8_tableview";
			};
			name = Debug;
		};
		5565A1131A7398AA0099DDA3 /* Release */ = {
			isa = XCBuildConfiguration;
			buildSettings = {
				BUNDLE_LOADER = "$(TEST_HOST)";
				FRAMEWORK_SEARCH_PATHS = (
					"$(SDKROOT)/Developer/Library/Frameworks",
					"$(inherited)",
				);
				INFOPLIST_FILE = chapter8_tableviewTests/Info.plist;
				LD_RUNPATH_SEARCH_PATHS = "$(inherited) @executable_path/Frameworks @loader_path/Frameworks";
				PRODUCT_NAME = "$(TARGET_NAME)";
				TEST_HOST = "$(BUILT_PRODUCTS_DIR)/chapter8_tableview.app/chapter8_tableview";
			};
			name = Release;
		};
/* End XCBuildConfiguration section */

/* Begin XCConfigurationList section */
		5565A0EA1A7398A90099DDA3 /* Build configuration list for PBXProject "chapter8_tableview" */ = {
			isa = XCConfigurationList;
			buildConfigurations = (
				5565A10C1A7398AA0099DDA3 /* Debug */,
				5565A10D1A7398AA0099DDA3 /* Release */,
			);
			defaultConfigurationIsVisible = 0;
			defaultConfigurationName = Release;
		};
		5565A10E1A7398AA0099DDA3 /* Build configuration list for PBXNativeTarget "chapter8_tableview" */ = {
			isa = XCConfigurationList;
			buildConfigurations = (
				5565A10F1A7398AA0099DDA3 /* Debug */,
				5565A1101A7398AA0099DDA3 /* Release */,
			);
			defaultConfigurationIsVisible = 0;
		};
		5565A1111A7398AA0099DDA3 /* Build configuration list for PBXNativeTarget "chapter8_tableviewTests" */ = {
			isa = XCConfigurationList;
			buildConfigurations = (
				5565A1121A7398AA0099DDA3 /* Debug */,
				5565A1131A7398AA0099DDA3 /* Release */,
			);
			defaultConfigurationIsVisible = 0;
		};
/* End XCConfigurationList section */
	};
	rootObject = 5565A0E71A7398A90099DDA3 /* Project object */;
}
