// !$*UTF8*$!
{
	archiveVersion = 1;
	classes = {
	};
	objectVersion = 46;
	objects = {

/* Begin PBXBuildFile section */
		55FA10731A6B7ACE009E35BE /* AppDelegate.swift in Sources */ = {isa = PBXBuildFile; fileRef = 55FA10721A6B7ACE009E35BE /* AppDelegate.swift */; };
		55FA10751A6B7ACE009E35BE /* ViewController.swift in Sources */ = {isa = PBXBuildFile; fileRef = 55FA10741A6B7ACE009E35BE /* ViewController.swift */; };
		55FA10781A6B7ACE009E35BE /* Main.storyboard in Resources */ = {isa = PBXBuildFile; fileRef = 55FA10761A6B7ACE009E35BE /* Main.storyboard */; };
		55FA107A1A6B7ACE009E35BE /* Images.xcassets in Resources */ = {isa = PBXBuildFile; fileRef = 55FA10791A6B7ACE009E35BE /* Images.xcassets */; };
		55FA107D1A6B7ACE009E35BE /* LaunchScreen.xib in Resources */ = {isa = PBXBuildFile; fileRef = 55FA107B1A6B7ACE009E35BE /* LaunchScreen.xib */; };
		55FA10891A6B7ACE009E35BE /* chapter5_1_class_MyBankTests.swift in Sources */ = {isa = PBXBuildFile; fileRef = 55FA10881A6B7ACE009E35BE /* chapter5_1_class_MyBankTests.swift */; };
		55FA10931A6B7AEE009E35BE /* BankManagement.swift in Sources */ = {isa = PBXBuildFile; fileRef = 55FA10921A6B7AEE009E35BE /* BankManagement.swift */; };
/* End PBXBuildFile section */

/* Begin PBXContainerItemProxy section */
		55FA10831A6B7ACE009E35BE /* PBXContainerItemProxy */ = {
			isa = PBXContainerItemProxy;
			containerPortal = 55FA10651A6B7ACE009E35BE /* Project object */;
			proxyType = 1;
			remoteGlobalIDString = 55FA106C1A6B7ACE009E35BE;
			remoteInfo = "chapter5-1_class_MyBank";
		};
/* End PBXContainerItemProxy section */

/* Begin PBXFileReference section */
		55FA106D1A6B7ACE009E35BE /* chapter5-1_class_MyBank.app */ = {isa = PBXFileReference; explicitFileType = wrapper.application; includeInIndex = 0; path = "chapter5-1_class_MyBank.app"; sourceTree = BUILT_PRODUCTS_DIR; };
		55FA10711A6B7ACE009E35BE /* Info.plist */ = {isa = PBXFileReference; lastKnownFileType = text.plist.xml; path = Info.plist; sourceTree = "<group>"; };
		55FA10721A6B7ACE009E35BE /* AppDelegate.swift */ = {isa = PBXFileReference; lastKnownFileType = sourcecode.swift; path = AppDelegate.swift; sourceTree = "<group>"; };
		55FA10741A6B7ACE009E35BE /* ViewController.swift */ = {isa = PBXFileReference; lastKnownFileType = sourcecode.swift; path = ViewController.swift; sourceTree = "<group>"; };
		55FA10771A6B7ACE009E35BE /* Base */ = {isa = PBXFileReference; lastKnownFileType = file.storyboard; name = Base; path = Base.lproj/Main.storyboard; sourceTree = "<group>"; };
		55FA10791A6B7ACE009E35BE /* Images.xcassets */ = {isa = PBXFileReference; lastKnownFileType = folder.assetcatalog; path = Images.xcassets; sourceTree = "<group>"; };
		55FA107C1A6B7ACE009E35BE /* Base */ = {isa = PBXFileReference; lastKnownFileType = file.xib; name = Base; path = Base.lproj/LaunchScreen.xib; sourceTree = "<group>"; };
		55FA10821A6B7ACE009E35BE /* chapter5-1_class_MyBankTests.xctest */ = {isa = PBXFileReference; explicitFileType = wrapper.cfbundle; includeInIndex = 0; path = "chapter5-1_class_MyBankTests.xctest"; sourceTree = BUILT_PRODUCTS_DIR; };
		55FA10871A6B7ACE009E35BE /* Info.plist */ = {isa = PBXFileReference; lastKnownFileType = text.plist.xml; path = Info.plist; sourceTree = "<group>"; };
		55FA10881A6B7ACE009E35BE /* chapter5_1_class_MyBankTests.swift */ = {isa = PBXFileReference; lastKnownFileType = sourcecode.swift; path = chapter5_1_class_MyBankTests.swift; sourceTree = "<group>"; };
		55FA10921A6B7AEE009E35BE /* BankManagement.swift */ = {isa = PBXFileReference; fileEncoding = 4; lastKnownFileType = sourcecode.swift; path = BankManagement.swift; sourceTree = "<group>"; };
/* End PBXFileReference section */

/* Begin PBXFrameworksBuildPhase section */
		55FA106A1A6B7ACE009E35BE /* Frameworks */ = {
			isa = PBXFrameworksBuildPhase;
			buildActionMask = 2147483647;
			files = (
			);
			runOnlyForDeploymentPostprocessing = 0;
		};
		55FA107F1A6B7ACE009E35BE /* Frameworks */ = {
			isa = PBXFrameworksBuildPhase;
			buildActionMask = 2147483647;
			files = (
			);
			runOnlyForDeploymentPostprocessing = 0;
		};
/* End PBXFrameworksBuildPhase section */

/* Begin PBXGroup section */
		55FA10641A6B7ACE009E35BE = {
			isa = PBXGroup;
			children = (
				55FA106F1A6B7ACE009E35BE /* chapter5-1_class_MyBank */,
				55FA10851A6B7ACE009E35BE /* chapter5-1_class_MyBankTests */,
				55FA106E1A6B7ACE009E35BE /* Products */,
			);
			sourceTree = "<group>";
		};
		55FA106E1A6B7ACE009E35BE /* Products */ = {
			isa = PBXGroup;
			children = (
				55FA106D1A6B7ACE009E35BE /* chapter5-1_class_MyBank.app */,
				55FA10821A6B7ACE009E35BE /* chapter5-1_class_MyBankTests.xctest */,
			);
			name = Products;
			sourceTree = "<group>";
		};
		55FA106F1A6B7ACE009E35BE /* chapter5-1_class_MyBank */ = {
			isa = PBXGroup;
			children = (
				55FA10721A6B7ACE009E35BE /* AppDelegate.swift */,
				55FA10741A6B7ACE009E35BE /* ViewController.swift */,
				55FA10921A6B7AEE009E35BE /* BankManagement.swift */,
				55FA10761A6B7ACE009E35BE /* Main.storyboard */,
				55FA10791A6B7ACE009E35BE /* Images.xcassets */,
				55FA107B1A6B7ACE009E35BE /* LaunchScreen.xib */,
				55FA10701A6B7ACE009E35BE /* Supporting Files */,
			);
			path = "chapter5-1_class_MyBank";
			sourceTree = "<group>";
		};
		55FA10701A6B7ACE009E35BE /* Supporting Files */ = {
			isa = PBXGroup;
			children = (
				55FA10711A6B7ACE009E35BE /* Info.plist */,
			);
			name = "Supporting Files";
			sourceTree = "<group>";
		};
		55FA10851A6B7ACE009E35BE /* chapter5-1_class_MyBankTests */ = {
			isa = PBXGroup;
			children = (
				55FA10881A6B7ACE009E35BE /* chapter5_1_class_MyBankTests.swift */,
				55FA10861A6B7ACE009E35BE /* Supporting Files */,
			);
			path = "chapter5-1_class_MyBankTests";
			sourceTree = "<group>";
		};
		55FA10861A6B7ACE009E35BE /* Supporting Files */ = {
			isa = PBXGroup;
			children = (
				55FA10871A6B7ACE009E35BE /* Info.plist */,
			);
			name = "Supporting Files";
			sourceTree = "<group>";
		};
/* End PBXGroup section */

/* Begin PBXNativeTarget section */
		55FA106C1A6B7ACE009E35BE /* chapter5-1_class_MyBank */ = {
			isa = PBXNativeTarget;
			buildConfigurationList = 55FA108C1A6B7ACE009E35BE /* Build configuration list for PBXNativeTarget "chapter5-1_class_MyBank" */;
			buildPhases = (
				55FA10691A6B7ACE009E35BE /* Sources */,
				55FA106A1A6B7ACE009E35BE /* Frameworks */,
				55FA106B1A6B7ACE009E35BE /* Resources */,
			);
			buildRules = (
			);
			dependencies = (
			);
			name = "chapter5-1_class_MyBank";
			productName = "chapter5-1_class_MyBank";
			productReference = 55FA106D1A6B7ACE009E35BE /* chapter5-1_class_MyBank.app */;
			productType = "com.apple.product-type.application";
		};
		55FA10811A6B7ACE009E35BE /* chapter5-1_class_MyBankTests */ = {
			isa = PBXNativeTarget;
			buildConfigurationList = 55FA108F1A6B7ACE009E35BE /* Build configuration list for PBXNativeTarget "chapter5-1_class_MyBankTests" */;
			buildPhases = (
				55FA107E1A6B7ACE009E35BE /* Sources */,
				55FA107F1A6B7ACE009E35BE /* Frameworks */,
				55FA10801A6B7ACE009E35BE /* Resources */,
			);
			buildRules = (
			);
			dependencies = (
				55FA10841A6B7ACE009E35BE /* PBXTargetDependency */,
			);
			name = "chapter5-1_class_MyBankTests";
			productName = "chapter5-1_class_MyBankTests";
			productReference = 55FA10821A6B7ACE009E35BE /* chapter5-1_class_MyBankTests.xctest */;
			productType = "com.apple.product-type.bundle.unit-test";
		};
/* End PBXNativeTarget section */

/* Begin PBXProject section */
		55FA10651A6B7ACE009E35BE /* Project object */ = {
			isa = PBXProject;
			attributes = {
				LastUpgradeCheck = 0610;
				ORGANIZATIONNAME = "Kohei Hayakawa";
				TargetAttributes = {
					55FA106C1A6B7ACE009E35BE = {
						CreatedOnToolsVersion = 6.1.1;
					};
					55FA10811A6B7ACE009E35BE = {
						CreatedOnToolsVersion = 6.1.1;
						TestTargetID = 55FA106C1A6B7ACE009E35BE;
					};
				};
			};
			buildConfigurationList = 55FA10681A6B7ACE009E35BE /* Build configuration list for PBXProject "chapter5-1_class_MyBank" */;
			compatibilityVersion = "Xcode 3.2";
			developmentRegion = English;
			hasScannedForEncodings = 0;
			knownRegions = (
				en,
				Base,
			);
			mainGroup = 55FA10641A6B7ACE009E35BE;
			productRefGroup = 55FA106E1A6B7ACE009E35BE /* Products */;
			projectDirPath = "";
			projectRoot = "";
			targets = (
				55FA106C1A6B7ACE009E35BE /* chapter5-1_class_MyBank */,
				55FA10811A6B7ACE009E35BE /* chapter5-1_class_MyBankTests */,
			);
		};
/* End PBXProject section */

/* Begin PBXResourcesBuildPhase section */
		55FA106B1A6B7ACE009E35BE /* Resources */ = {
			isa = PBXResourcesBuildPhase;
			buildActionMask = 2147483647;
			files = (
				55FA10781A6B7ACE009E35BE /* Main.storyboard in Resources */,
				55FA107D1A6B7ACE009E35BE /* LaunchScreen.xib in Resources */,
				55FA107A1A6B7ACE009E35BE /* Images.xcassets in Resources */,
			);
			runOnlyForDeploymentPostprocessing = 0;
		};
		55FA10801A6B7ACE009E35BE /* Resources */ = {
			isa = PBXResourcesBuildPhase;
			buildActionMask = 2147483647;
			files = (
			);
			runOnlyForDeploymentPostprocessing = 0;
		};
/* End PBXResourcesBuildPhase section */

/* Begin PBXSourcesBuildPhase section */
		55FA10691A6B7ACE009E35BE /* Sources */ = {
			isa = PBXSourcesBuildPhase;
			buildActionMask = 2147483647;
			files = (
				55FA10931A6B7AEE009E35BE /* BankManagement.swift in Sources */,
				55FA10751A6B7ACE009E35BE /* ViewController.swift in Sources */,
				55FA10731A6B7ACE009E35BE /* AppDelegate.swift in Sources */,
			);
			runOnlyForDeploymentPostprocessing = 0;
		};
		55FA107E1A6B7ACE009E35BE /* Sources */ = {
			isa = PBXSourcesBuildPhase;
			buildActionMask = 2147483647;
			files = (
				55FA10891A6B7ACE009E35BE /* chapter5_1_class_MyBankTests.swift in Sources */,
			);
			runOnlyForDeploymentPostprocessing = 0;
		};
/* End PBXSourcesBuildPhase section */

/* Begin PBXTargetDependency section */
		55FA10841A6B7ACE009E35BE /* PBXTargetDependency */ = {
			isa = PBXTargetDependency;
			target = 55FA106C1A6B7ACE009E35BE /* chapter5-1_class_MyBank */;
			targetProxy = 55FA10831A6B7ACE009E35BE /* PBXContainerItemProxy */;
		};
/* End PBXTargetDependency section */

/* Begin PBXVariantGroup section */
		55FA10761A6B7ACE009E35BE /* Main.storyboard */ = {
			isa = PBXVariantGroup;
			children = (
				55FA10771A6B7ACE009E35BE /* Base */,
			);
			name = Main.storyboard;
			sourceTree = "<group>";
		};
		55FA107B1A6B7ACE009E35BE /* LaunchScreen.xib */ = {
			isa = PBXVariantGroup;
			children = (
				55FA107C1A6B7ACE009E35BE /* Base */,
			);
			name = LaunchScreen.xib;
			sourceTree = "<group>";
		};
/* End PBXVariantGroup section */

/* Begin XCBuildConfiguration section */
		55FA108A1A6B7ACE009E35BE /* Debug */ = {
			isa = XCBuildConfiguration;
			buildSettings = {
				ALWAYS_SEARCH_USER_PATHS = NO;
				CLANG_CXX_LANGUAGE_STANDARD = "gnu++0x";
				CLANG_CXX_LIBRARY = "libc++";
				CLANG_ENABLE_MODULES = YES;
				CLANG_ENABLE_OBJC_ARC = YES;
				CLANG_WARN_BOOL_CONVERSION = YES;
				CLANG_WARN_CONSTANT_CONVERSION = YES;
				CLANG_WARN_DIRECT_OBJC_ISA_USAGE = YES_ERROR;
				CLANG_WARN_EMPTY_BODY = YES;
				CLANG_WARN_ENUM_CONVERSION = YES;
				CLANG_WARN_INT_CONVERSION = YES;
				CLANG_WARN_OBJC_ROOT_CLASS = YES_ERROR;
				CLANG_WARN_UNREACHABLE_CODE = YES;
				CLANG_WARN__DUPLICATE_METHOD_MATCH = YES;
				"CODE_SIGN_IDENTITY[sdk=iphoneos*]" = "iPhone Developer";
				COPY_PHASE_STRIP = NO;
				ENABLE_STRICT_OBJC_MSGSEND = YES;
				GCC_C_LANGUAGE_STANDARD = gnu99;
				GCC_DYNAMIC_NO_PIC = NO;
				GCC_OPTIMIZATION_LEVEL = 0;
				GCC_PREPROCESSOR_DEFINITIONS = (
					"DEBUG=1",
					"$(inherited)",
				);
				GCC_SYMBOLS_PRIVATE_EXTERN = NO;
				GCC_WARN_64_TO_32_BIT_CONVERSION = YES;
				GCC_WARN_ABOUT_RETURN_TYPE = YES_ERROR;
				GCC_WARN_UNDECLARED_SELECTOR = YES;
				GCC_WARN_UNINITIALIZED_AUTOS = YES_AGGRESSIVE;
				GCC_WARN_UNUSED_FUNCTION = YES;
				GCC_WARN_UNUSED_VARIABLE = YES;
				IPHONEOS_DEPLOYMENT_TARGET = 8.1;
				MTL_ENABLE_DEBUG_INFO = YES;
				ONLY_ACTIVE_ARCH = YES;
				SDKROOT = iphoneos;
				SWIFT_OPTIMIZATION_LEVEL = "-Onone";
			};
			name = Debug;
		};
		55FA108B1A6B7ACE009E35BE /* Release */ = {
			isa = XCBuildConfiguration;
			buildSettings = {
				ALWAYS_SEARCH_USER_PATHS = NO;
				CLANG_CXX_LANGUAGE_STANDARD = "gnu++0x";
				CLANG_CXX_LIBRARY = "libc++";
				CLANG_ENABLE_MODULES = YES;
				CLANG_ENABLE_OBJC_ARC = YES;
				CLANG_WARN_BOOL_CONVERSION = YES;
				CLANG_WARN_CONSTANT_CONVERSION = YES;
				CLANG_WARN_DIRECT_OBJC_ISA_USAGE = YES_ERROR;
				CLANG_WARN_EMPTY_BODY = YES;
				CLANG_WARN_ENUM_CONVERSION = YES;
				CLANG_WARN_INT_CONVERSION = YES;
				CLANG_WARN_OBJC_ROOT_CLASS = YES_ERROR;
				CLANG_WARN_UNREACHABLE_CODE = YES;
				CLANG_WARN__DUPLICATE_METHOD_MATCH = YES;
				"CODE_SIGN_IDENTITY[sdk=iphoneos*]" = "iPhone Developer";
				COPY_PHASE_STRIP = YES;
				ENABLE_NS_ASSERTIONS = NO;
				ENABLE_STRICT_OBJC_MSGSEND = YES;
				GCC_C_LANGUAGE_STANDARD = gnu99;
				GCC_WARN_64_TO_32_BIT_CONVERSION = YES;
				GCC_WARN_ABOUT_RETURN_TYPE = YES_ERROR;
				GCC_WARN_UNDECLARED_SELECTOR = YES;
				GCC_WARN_UNINITIALIZED_AUTOS = YES_AGGRESSIVE;
				GCC_WARN_UNUSED_FUNCTION = YES;
				GCC_WARN_UNUSED_VARIABLE = YES;
				IPHONEOS_DEPLOYMENT_TARGET = 8.1;
				MTL_ENABLE_DEBUG_INFO = NO;
				SDKROOT = iphoneos;
				VALIDATE_PRODUCT = YES;
			};
			name = Release;
		};
		55FA108D1A6B7ACE009E35BE /* Debug */ = {
			isa = XCBuildConfiguration;
			buildSettings = {
				ASSETCATALOG_COMPILER_APPICON_NAME = AppIcon;
				INFOPLIST_FILE = "chapter5-1_class_MyBank/Info.plist";
				LD_RUNPATH_SEARCH_PATHS = "$(inherited) @executable_path/Frameworks";
				PRODUCT_NAME = "$(TARGET_NAME)";
			};
			name = Debug;
		};
		55FA108E1A6B7ACE009E35BE /* Release */ = {
			isa = XCBuildConfiguration;
			buildSettings = {
				ASSETCATALOG_COMPILER_APPICON_NAME = AppIcon;
				INFOPLIST_FILE = "chapter5-1_class_MyBank/Info.plist";
				LD_RUNPATH_SEARCH_PATHS = "$(inherited) @executable_path/Frameworks";
				PRODUCT_NAME = "$(TARGET_NAME)";
			};
			name = Release;
		};
		55FA10901A6B7ACE009E35BE /* Debug */ = {
			isa = XCBuildConfiguration;
			buildSettings = {
				BUNDLE_LOADER = "$(TEST_HOST)";
				FRAMEWORK_SEARCH_PATHS = (
					"$(SDKROOT)/Developer/Library/Frameworks",
					"$(inherited)",
				);
				GCC_PREPROCESSOR_DEFINITIONS = (
					"DEBUG=1",
					"$(inherited)",
				);
				INFOPLIST_FILE = "chapter5-1_class_MyBankTests/Info.plist";
				LD_RUNPATH_SEARCH_PATHS = "$(inherited) @executable_path/Frameworks @loader_path/Frameworks";
				PRODUCT_NAME = "$(TARGET_NAME)";
				TEST_HOST = "$(BUILT_PRODUCTS_DIR)/chapter5-1_class_MyBank.app/chapter5-1_class_MyBank";
			};
			name = Debug;
		};
		55FA10911A6B7ACE009E35BE /* Release */ = {
			isa = XCBuildConfiguration;
			buildSettings = {
				BUNDLE_LOADER = "$(TEST_HOST)";
				FRAMEWORK_SEARCH_PATHS = (
					"$(SDKROOT)/Developer/Library/Frameworks",
					"$(inherited)",
				);
				INFOPLIST_FILE = "chapter5-1_class_MyBankTests/Info.plist";
				LD_RUNPATH_SEARCH_PATHS = "$(inherited) @executable_path/Frameworks @loader_path/Frameworks";
				PRODUCT_NAME = "$(TARGET_NAME)";
				TEST_HOST = "$(BUILT_PRODUCTS_DIR)/chapter5-1_class_MyBank.app/chapter5-1_class_MyBank";
			};
			name = Release;
		};
/* End XCBuildConfiguration section */

/* Begin XCConfigurationList section */
		55FA10681A6B7ACE009E35BE /* Build configuration list for PBXProject "chapter5-1_class_MyBank" */ = {
			isa = XCConfigurationList;
			buildConfigurations = (
				55FA108A1A6B7ACE009E35BE /* Debug */,
				55FA108B1A6B7ACE009E35BE /* Release */,
			);
			defaultConfigurationIsVisible = 0;
			defaultConfigurationName = Release;
		};
		55FA108C1A6B7ACE009E35BE /* Build configuration list for PBXNativeTarget "chapter5-1_class_MyBank" */ = {
			isa = XCConfigurationList;
			buildConfigurations = (
				55FA108D1A6B7ACE009E35BE /* Debug */,
				55FA108E1A6B7ACE009E35BE /* Release */,
			);
			defaultConfigurationIsVisible = 0;
		};
		55FA108F1A6B7ACE009E35BE /* Build configuration list for PBXNativeTarget "chapter5-1_class_MyBankTests" */ = {
			isa = XCConfigurationList;
			buildConfigurations = (
				55FA10901A6B7ACE009E35BE /* Debug */,
				55FA10911A6B7ACE009E35BE /* Release */,
			);
			defaultConfigurationIsVisible = 0;
		};
/* End XCConfigurationList section */
	};
	rootObject = 55FA10651A6B7ACE009E35BE /* Project object */;
}
