// !$*UTF8*$!
{
	archiveVersion = 1;
	classes = {
	};
	objectVersion = 46;
	objects = {

/* Begin PBXBuildFile section */
		557E72851A6F6144009CF4D9 /* AppDelegate.swift in Sources */ = {isa = PBXBuildFile; fileRef = 557E72841A6F6144009CF4D9 /* AppDelegate.swift */; };
		557E72871A6F6144009CF4D9 /* ViewController.swift in Sources */ = {isa = PBXBuildFile; fileRef = 557E72861A6F6144009CF4D9 /* ViewController.swift */; };
		557E728A1A6F6144009CF4D9 /* Main.storyboard in Resources */ = {isa = PBXBuildFile; fileRef = 557E72881A6F6144009CF4D9 /* Main.storyboard */; };
		557E728C1A6F6144009CF4D9 /* Images.xcassets in Resources */ = {isa = PBXBuildFile; fileRef = 557E728B1A6F6144009CF4D9 /* Images.xcassets */; };
		557E728F1A6F6144009CF4D9 /* LaunchScreen.xib in Resources */ = {isa = PBXBuildFile; fileRef = 557E728D1A6F6144009CF4D9 /* LaunchScreen.xib */; };
		557E729B1A6F6144009CF4D9 /* chapter7_tableview_customTests.swift in Sources */ = {isa = PBXBuildFile; fileRef = 557E729A1A6F6144009CF4D9 /* chapter7_tableview_customTests.swift */; };
		557E72A61A6F61FA009CF4D9 /* TableViewCell.swift in Sources */ = {isa = PBXBuildFile; fileRef = 557E72A41A6F61FA009CF4D9 /* TableViewCell.swift */; };
		557E72A71A6F61FA009CF4D9 /* TableViewCell.xib in Resources */ = {isa = PBXBuildFile; fileRef = 557E72A51A6F61FA009CF4D9 /* TableViewCell.xib */; };
		557E72AA1A6F6D0D009CF4D9 /* user.png in Resources */ = {isa = PBXBuildFile; fileRef = 557E72A81A6F6D0D009CF4D9 /* user.png */; };
		557E72AB1A6F6D0D009CF4D9 /* user2.png in Resources */ = {isa = PBXBuildFile; fileRef = 557E72A91A6F6D0D009CF4D9 /* user2.png */; };
/* End PBXBuildFile section */

/* Begin PBXContainerItemProxy section */
		557E72951A6F6144009CF4D9 /* PBXContainerItemProxy */ = {
			isa = PBXContainerItemProxy;
			containerPortal = 557E72771A6F6144009CF4D9 /* Project object */;
			proxyType = 1;
			remoteGlobalIDString = 557E727E1A6F6144009CF4D9;
			remoteInfo = chapter7_tableview_custom;
		};
/* End PBXContainerItemProxy section */

/* Begin PBXFileReference section */
		557E727F1A6F6144009CF4D9 /* chapter7_tableview_custom.app */ = {isa = PBXFileReference; explicitFileType = wrapper.application; includeInIndex = 0; path = chapter7_tableview_custom.app; sourceTree = BUILT_PRODUCTS_DIR; };
		557E72831A6F6144009CF4D9 /* Info.plist */ = {isa = PBXFileReference; lastKnownFileType = text.plist.xml; path = Info.plist; sourceTree = "<group>"; };
		557E72841A6F6144009CF4D9 /* AppDelegate.swift */ = {isa = PBXFileReference; lastKnownFileType = sourcecode.swift; path = AppDelegate.swift; sourceTree = "<group>"; };
		557E72861A6F6144009CF4D9 /* ViewController.swift */ = {isa = PBXFileReference; lastKnownFileType = sourcecode.swift; path = ViewController.swift; sourceTree = "<group>"; };
		557E72891A6F6144009CF4D9 /* Base */ = {isa = PBXFileReference; lastKnownFileType = file.storyboard; name = Base; path = Base.lproj/Main.storyboard; sourceTree = "<group>"; };
		557E728B1A6F6144009CF4D9 /* Images.xcassets */ = {isa = PBXFileReference; lastKnownFileType = folder.assetcatalog; path = Images.xcassets; sourceTree = "<group>"; };
		557E728E1A6F6144009CF4D9 /* Base */ = {isa = PBXFileReference; lastKnownFileType = file.xib; name = Base; path = Base.lproj/LaunchScreen.xib; sourceTree = "<group>"; };
		557E72941A6F6144009CF4D9 /* chapter7_tableview_customTests.xctest */ = {isa = PBXFileReference; explicitFileType = wrapper.cfbundle; includeInIndex = 0; path = chapter7_tableview_customTests.xctest; sourceTree = BUILT_PRODUCTS_DIR; };
		557E72991A6F6144009CF4D9 /* Info.plist */ = {isa = PBXFileReference; lastKnownFileType = text.plist.xml; path = Info.plist; sourceTree = "<group>"; };
		557E729A1A6F6144009CF4D9 /* chapter7_tableview_customTests.swift */ = {isa = PBXFileReference; lastKnownFileType = sourcecode.swift; path = chapter7_tableview_customTests.swift; sourceTree = "<group>"; };
		557E72A41A6F61FA009CF4D9 /* TableViewCell.swift */ = {isa = PBXFileReference; fileEncoding = 4; lastKnownFileType = sourcecode.swift; path = TableViewCell.swift; sourceTree = "<group>"; };
		557E72A51A6F61FA009CF4D9 /* TableViewCell.xib */ = {isa = PBXFileReference; fileEncoding = 4; lastKnownFileType = file.xib; path = TableViewCell.xib; sourceTree = "<group>"; };
		557E72A81A6F6D0D009CF4D9 /* user.png */ = {isa = PBXFileReference; lastKnownFileType = image.png; path = user.png; sourceTree = "<group>"; };
		557E72A91A6F6D0D009CF4D9 /* user2.png */ = {isa = PBXFileReference; lastKnownFileType = image.png; path = user2.png; sourceTree = "<group>"; };
/* End PBXFileReference section */

/* Begin PBXFrameworksBuildPhase section */
		557E727C1A6F6144009CF4D9 /* Frameworks */ = {
			isa = PBXFrameworksBuildPhase;
			buildActionMask = 2147483647;
			files = (
			);
			runOnlyForDeploymentPostprocessing = 0;
		};
		557E72911A6F6144009CF4D9 /* Frameworks */ = {
			isa = PBXFrameworksBuildPhase;
			buildActionMask = 2147483647;
			files = (
			);
			runOnlyForDeploymentPostprocessing = 0;
		};
/* End PBXFrameworksBuildPhase section */

/* Begin PBXGroup section */
		557E72761A6F6144009CF4D9 = {
			isa = PBXGroup;
			children = (
				557E72811A6F6144009CF4D9 /* chapter7_tableview_custom */,
				557E72971A6F6144009CF4D9 /* chapter7_tableview_customTests */,
				557E72801A6F6144009CF4D9 /* Products */,
				557E72A81A6F6D0D009CF4D9 /* user.png */,
				557E72A91A6F6D0D009CF4D9 /* user2.png */,
			);
			sourceTree = "<group>";
		};
		557E72801A6F6144009CF4D9 /* Products */ = {
			isa = PBXGroup;
			children = (
				557E727F1A6F6144009CF4D9 /* chapter7_tableview_custom.app */,
				557E72941A6F6144009CF4D9 /* chapter7_tableview_customTests.xctest */,
			);
			name = Products;
			sourceTree = "<group>";
		};
		557E72811A6F6144009CF4D9 /* chapter7_tableview_custom */ = {
			isa = PBXGroup;
			children = (
				557E72841A6F6144009CF4D9 /* AppDelegate.swift */,
				557E72861A6F6144009CF4D9 /* ViewController.swift */,
				557E72881A6F6144009CF4D9 /* Main.storyboard */,
				557E728B1A6F6144009CF4D9 /* Images.xcassets */,
				557E728D1A6F6144009CF4D9 /* LaunchScreen.xib */,
				557E72821A6F6144009CF4D9 /* Supporting Files */,
				557E72A41A6F61FA009CF4D9 /* TableViewCell.swift */,
				557E72A51A6F61FA009CF4D9 /* TableViewCell.xib */,
			);
			path = chapter7_tableview_custom;
			sourceTree = "<group>";
		};
		557E72821A6F6144009CF4D9 /* Supporting Files */ = {
			isa = PBXGroup;
			children = (
				557E72831A6F6144009CF4D9 /* Info.plist */,
			);
			name = "Supporting Files";
			sourceTree = "<group>";
		};
		557E72971A6F6144009CF4D9 /* chapter7_tableview_customTests */ = {
			isa = PBXGroup;
			children = (
				557E729A1A6F6144009CF4D9 /* chapter7_tableview_customTests.swift */,
				557E72981A6F6144009CF4D9 /* Supporting Files */,
			);
			path = chapter7_tableview_customTests;
			sourceTree = "<group>";
		};
		557E72981A6F6144009CF4D9 /* Supporting Files */ = {
			isa = PBXGroup;
			children = (
				557E72991A6F6144009CF4D9 /* Info.plist */,
			);
			name = "Supporting Files";
			sourceTree = "<group>";
		};
/* End PBXGroup section */

/* Begin PBXNativeTarget section */
		557E727E1A6F6144009CF4D9 /* chapter7_tableview_custom */ = {
			isa = PBXNativeTarget;
			buildConfigurationList = 557E729E1A6F6144009CF4D9 /* Build configuration list for PBXNativeTarget "chapter7_tableview_custom" */;
			buildPhases = (
				557E727B1A6F6144009CF4D9 /* Sources */,
				557E727C1A6F6144009CF4D9 /* Frameworks */,
				557E727D1A6F6144009CF4D9 /* Resources */,
			);
			buildRules = (
			);
			dependencies = (
			);
			name = chapter7_tableview_custom;
			productName = chapter7_tableview_custom;
			productReference = 557E727F1A6F6144009CF4D9 /* chapter7_tableview_custom.app */;
			productType = "com.apple.product-type.application";
		};
		557E72931A6F6144009CF4D9 /* chapter7_tableview_customTests */ = {
			isa = PBXNativeTarget;
			buildConfigurationList = 557E72A11A6F6144009CF4D9 /* Build configuration list for PBXNativeTarget "chapter7_tableview_customTests" */;
			buildPhases = (
				557E72901A6F6144009CF4D9 /* Sources */,
				557E72911A6F6144009CF4D9 /* Frameworks */,
				557E72921A6F6144009CF4D9 /* Resources */,
			);
			buildRules = (
			);
			dependencies = (
				557E72961A6F6144009CF4D9 /* PBXTargetDependency */,
			);
			name = chapter7_tableview_customTests;
			productName = chapter7_tableview_customTests;
			productReference = 557E72941A6F6144009CF4D9 /* chapter7_tableview_customTests.xctest */;
			productType = "com.apple.product-type.bundle.unit-test";
		};
/* End PBXNativeTarget section */

/* Begin PBXProject section */
		557E72771A6F6144009CF4D9 /* Project object */ = {
			isa = PBXProject;
			attributes = {
				LastUpgradeCheck = 0610;
				ORGANIZATIONNAME = "Kohei Hayakawa";
				TargetAttributes = {
					557E727E1A6F6144009CF4D9 = {
						CreatedOnToolsVersion = 6.1.1;
					};
					557E72931A6F6144009CF4D9 = {
						CreatedOnToolsVersion = 6.1.1;
						TestTargetID = 557E727E1A6F6144009CF4D9;
					};
				};
			};
			buildConfigurationList = 557E727A1A6F6144009CF4D9 /* Build configuration list for PBXProject "chapter7_tableview_custom" */;
			compatibilityVersion = "Xcode 3.2";
			developmentRegion = English;
			hasScannedForEncodings = 0;
			knownRegions = (
				en,
				Base,
			);
			mainGroup = 557E72761A6F6144009CF4D9;
			productRefGroup = 557E72801A6F6144009CF4D9 /* Products */;
			projectDirPath = "";
			projectRoot = "";
			targets = (
				557E727E1A6F6144009CF4D9 /* chapter7_tableview_custom */,
				557E72931A6F6144009CF4D9 /* chapter7_tableview_customTests */,
			);
		};
/* End PBXProject section */

/* Begin PBXResourcesBuildPhase section */
		557E727D1A6F6144009CF4D9 /* Resources */ = {
			isa = PBXResourcesBuildPhase;
			buildActionMask = 2147483647;
			files = (
				557E728A1A6F6144009CF4D9 /* Main.storyboard in Resources */,
				557E72AA1A6F6D0D009CF4D9 /* user.png in Resources */,
				557E72A71A6F61FA009CF4D9 /* TableViewCell.xib in Resources */,
				557E72AB1A6F6D0D009CF4D9 /* user2.png in Resources */,
				557E728F1A6F6144009CF4D9 /* LaunchScreen.xib in Resources */,
				557E728C1A6F6144009CF4D9 /* Images.xcassets in Resources */,
			);
			runOnlyForDeploymentPostprocessing = 0;
		};
		557E72921A6F6144009CF4D9 /* Resources */ = {
			isa = PBXResourcesBuildPhase;
			buildActionMask = 2147483647;
			files = (
			);
			runOnlyForDeploymentPostprocessing = 0;
		};
/* End PBXResourcesBuildPhase section */

/* Begin PBXSourcesBuildPhase section */
		557E727B1A6F6144009CF4D9 /* Sources */ = {
			isa = PBXSourcesBuildPhase;
			buildActionMask = 2147483647;
			files = (
				557E72A61A6F61FA009CF4D9 /* TableViewCell.swift in Sources */,
				557E72871A6F6144009CF4D9 /* ViewController.swift in Sources */,
				557E72851A6F6144009CF4D9 /* AppDelegate.swift in Sources */,
			);
			runOnlyForDeploymentPostprocessing = 0;
		};
		557E72901A6F6144009CF4D9 /* Sources */ = {
			isa = PBXSourcesBuildPhase;
			buildActionMask = 2147483647;
			files = (
				557E729B1A6F6144009CF4D9 /* chapter7_tableview_customTests.swift in Sources */,
			);
			runOnlyForDeploymentPostprocessing = 0;
		};
/* End PBXSourcesBuildPhase section */

/* Begin PBXTargetDependency section */
		557E72961A6F6144009CF4D9 /* PBXTargetDependency */ = {
			isa = PBXTargetDependency;
			target = 557E727E1A6F6144009CF4D9 /* chapter7_tableview_custom */;
			targetProxy = 557E72951A6F6144009CF4D9 /* PBXContainerItemProxy */;
		};
/* End PBXTargetDependency section */

/* Begin PBXVariantGroup section */
		557E72881A6F6144009CF4D9 /* Main.storyboard */ = {
			isa = PBXVariantGroup;
			children = (
				557E72891A6F6144009CF4D9 /* Base */,
			);
			name = Main.storyboard;
			sourceTree = "<group>";
		};
		557E728D1A6F6144009CF4D9 /* LaunchScreen.xib */ = {
			isa = PBXVariantGroup;
			children = (
				557E728E1A6F6144009CF4D9 /* Base */,
			);
			name = LaunchScreen.xib;
			sourceTree = "<group>";
		};
/* End PBXVariantGroup section */

/* Begin XCBuildConfiguration section */
		557E729C1A6F6144009CF4D9 /* Debug */ = {
			isa = XCBuildConfiguration;
			buildSettings = {
				ALWAYS_SEARCH_USER_PATHS = NO;
				CLANG_CXX_LANGUAGE_STANDARD = "gnu++0x";
				CLANG_CXX_LIBRARY = "libc++";
				CLANG_ENABLE_MODULES = YES;
				CLANG_ENABLE_OBJC_ARC = YES;
				CLANG_WARN_BOOL_CONVERSION = YES;
				CLANG_WARN_CONSTANT_CONVERSION = YES;
				CLANG_WARN_DIRECT_OBJC_ISA_USAGE = YES_ERROR;
				CLANG_WARN_EMPTY_BODY = YES;
				CLANG_WARN_ENUM_CONVERSION = YES;
				CLANG_WARN_INT_CONVERSION = YES;
				CLANG_WARN_OBJC_ROOT_CLASS = YES_ERROR;
				CLANG_WARN_UNREACHABLE_CODE = YES;
				CLANG_WARN__DUPLICATE_METHOD_MATCH = YES;
				"CODE_SIGN_IDENTITY[sdk=iphoneos*]" = "iPhone Developer";
				COPY_PHASE_STRIP = NO;
				ENABLE_STRICT_OBJC_MSGSEND = YES;
				GCC_C_LANGUAGE_STANDARD = gnu99;
				GCC_DYNAMIC_NO_PIC = NO;
				GCC_OPTIMIZATION_LEVEL = 0;
				GCC_PREPROCESSOR_DEFINITIONS = (
					"DEBUG=1",
					"$(inherited)",
				);
				GCC_SYMBOLS_PRIVATE_EXTERN = NO;
				GCC_WARN_64_TO_32_BIT_CONVERSION = YES;
				GCC_WARN_ABOUT_RETURN_TYPE = YES_ERROR;
				GCC_WARN_UNDECLARED_SELECTOR = YES;
				GCC_WARN_UNINITIALIZED_AUTOS = YES_AGGRESSIVE;
				GCC_WARN_UNUSED_FUNCTION = YES;
				GCC_WARN_UNUSED_VARIABLE = YES;
				IPHONEOS_DEPLOYMENT_TARGET = 8.1;
				MTL_ENABLE_DEBUG_INFO = YES;
				ONLY_ACTIVE_ARCH = YES;
				SDKROOT = iphoneos;
				SWIFT_OPTIMIZATION_LEVEL = "-Onone";
			};
			name = Debug;
		};
		557E729D1A6F6144009CF4D9 /* Release */ = {
			isa = XCBuildConfiguration;
			buildSettings = {
				ALWAYS_SEARCH_USER_PATHS = NO;
				CLANG_CXX_LANGUAGE_STANDARD = "gnu++0x";
				CLANG_CXX_LIBRARY = "libc++";
				CLANG_ENABLE_MODULES = YES;
				CLANG_ENABLE_OBJC_ARC = YES;
				CLANG_WARN_BOOL_CONVERSION = YES;
				CLANG_WARN_CONSTANT_CONVERSION = YES;
				CLANG_WARN_DIRECT_OBJC_ISA_USAGE = YES_ERROR;
				CLANG_WARN_EMPTY_BODY = YES;
				CLANG_WARN_ENUM_CONVERSION = YES;
				CLANG_WARN_INT_CONVERSION = YES;
				CLANG_WARN_OBJC_ROOT_CLASS = YES_ERROR;
				CLANG_WARN_UNREACHABLE_CODE = YES;
				CLANG_WARN__DUPLICATE_METHOD_MATCH = YES;
				"CODE_SIGN_IDENTITY[sdk=iphoneos*]" = "iPhone Developer";
				COPY_PHASE_STRIP = YES;
				ENABLE_NS_ASSERTIONS = NO;
				ENABLE_STRICT_OBJC_MSGSEND = YES;
				GCC_C_LANGUAGE_STANDARD = gnu99;
				GCC_WARN_64_TO_32_BIT_CONVERSION = YES;
				GCC_WARN_ABOUT_RETURN_TYPE = YES_ERROR;
				GCC_WARN_UNDECLARED_SELECTOR = YES;
				GCC_WARN_UNINITIALIZED_AUTOS = YES_AGGRESSIVE;
				GCC_WARN_UNUSED_FUNCTION = YES;
				GCC_WARN_UNUSED_VARIABLE = YES;
				IPHONEOS_DEPLOYMENT_TARGET = 8.1;
				MTL_ENABLE_DEBUG_INFO = NO;
				SDKROOT = iphoneos;
				VALIDATE_PRODUCT = YES;
			};
			name = Release;
		};
		557E729F1A6F6144009CF4D9 /* Debug */ = {
			isa = XCBuildConfiguration;
			buildSettings = {
				ASSETCATALOG_COMPILER_APPICON_NAME = AppIcon;
				INFOPLIST_FILE = chapter7_tableview_custom/Info.plist;
				LD_RUNPATH_SEARCH_PATHS = "$(inherited) @executable_path/Frameworks";
				PRODUCT_NAME = "$(TARGET_NAME)";
			};
			name = Debug;
		};
		557E72A01A6F6144009CF4D9 /* Release */ = {
			isa = XCBuildConfiguration;
			buildSettings = {
				ASSETCATALOG_COMPILER_APPICON_NAME = AppIcon;
				INFOPLIST_FILE = chapter7_tableview_custom/Info.plist;
				LD_RUNPATH_SEARCH_PATHS = "$(inherited) @executable_path/Frameworks";
				PRODUCT_NAME = "$(TARGET_NAME)";
			};
			name = Release;
		};
		557E72A21A6F6144009CF4D9 /* Debug */ = {
			isa = XCBuildConfiguration;
			buildSettings = {
				BUNDLE_LOADER = "$(TEST_HOST)";
				FRAMEWORK_SEARCH_PATHS = (
					"$(SDKROOT)/Developer/Library/Frameworks",
					"$(inherited)",
				);
				GCC_PREPROCESSOR_DEFINITIONS = (
					"DEBUG=1",
					"$(inherited)",
				);
				INFOPLIST_FILE = chapter7_tableview_customTests/Info.plist;
				LD_RUNPATH_SEARCH_PATHS = "$(inherited) @executable_path/Frameworks @loader_path/Frameworks";
				PRODUCT_NAME = "$(TARGET_NAME)";
				TEST_HOST = "$(BUILT_PRODUCTS_DIR)/chapter7_tableview_custom.app/chapter7_tableview_custom";
			};
			name = Debug;
		};
		557E72A31A6F6144009CF4D9 /* Release */ = {
			isa = XCBuildConfiguration;
			buildSettings = {
				BUNDLE_LOADER = "$(TEST_HOST)";
				FRAMEWORK_SEARCH_PATHS = (
					"$(SDKROOT)/Developer/Library/Frameworks",
					"$(inherited)",
				);
				INFOPLIST_FILE = chapter7_tableview_customTests/Info.plist;
				LD_RUNPATH_SEARCH_PATHS = "$(inherited) @executable_path/Frameworks @loader_path/Frameworks";
				PRODUCT_NAME = "$(TARGET_NAME)";
				TEST_HOST = "$(BUILT_PRODUCTS_DIR)/chapter7_tableview_custom.app/chapter7_tableview_custom";
			};
			name = Release;
		};
/* End XCBuildConfiguration section */

/* Begin XCConfigurationList section */
		557E727A1A6F6144009CF4D9 /* Build configuration list for PBXProject "chapter7_tableview_custom" */ = {
			isa = XCConfigurationList;
			buildConfigurations = (
				557E729C1A6F6144009CF4D9 /* Debug */,
				557E729D1A6F6144009CF4D9 /* Release */,
			);
			defaultConfigurationIsVisible = 0;
			defaultConfigurationName = Release;
		};
		557E729E1A6F6144009CF4D9 /* Build configuration list for PBXNativeTarget "chapter7_tableview_custom" */ = {
			isa = XCConfigurationList;
			buildConfigurations = (
				557E729F1A6F6144009CF4D9 /* Debug */,
				557E72A01A6F6144009CF4D9 /* Release */,
			);
			defaultConfigurationIsVisible = 0;
		};
		557E72A11A6F6144009CF4D9 /* Build configuration list for PBXNativeTarget "chapter7_tableview_customTests" */ = {
			isa = XCConfigurationList;
			buildConfigurations = (
				557E72A21A6F6144009CF4D9 /* Debug */,
				557E72A31A6F6144009CF4D9 /* Release */,
			);
			defaultConfigurationIsVisible = 0;
		};
/* End XCConfigurationList section */
	};
	rootObject = 557E72771A6F6144009CF4D9 /* Project object */;
}
