// !$*UTF8*$!
{
	archiveVersion = 1;
	classes = {
	};
	objectVersion = 46;
	objects = {

/* Begin PBXBuildFile section */
		5565A1871A73C5D60099DDA3 /* AppDelegate.swift in Sources */ = {isa = PBXBuildFile; fileRef = 5565A1861A73C5D60099DDA3 /* AppDelegate.swift */; };
		5565A1891A73C5D60099DDA3 /* ViewController.swift in Sources */ = {isa = PBXBuildFile; fileRef = 5565A1881A73C5D60099DDA3 /* ViewController.swift */; };
		5565A18C1A73C5D60099DDA3 /* Main.storyboard in Resources */ = {isa = PBXBuildFile; fileRef = 5565A18A1A73C5D60099DDA3 /* Main.storyboard */; };
		5565A18E1A73C5D60099DDA3 /* Images.xcassets in Resources */ = {isa = PBXBuildFile; fileRef = 5565A18D1A73C5D60099DDA3 /* Images.xcassets */; };
		5565A1911A73C5D60099DDA3 /* LaunchScreen.xib in Resources */ = {isa = PBXBuildFile; fileRef = 5565A18F1A73C5D60099DDA3 /* LaunchScreen.xib */; };
		5565A19D1A73C5D60099DDA3 /* chapter8_TouchIDTests.swift in Sources */ = {isa = PBXBuildFile; fileRef = 5565A19C1A73C5D60099DDA3 /* chapter8_TouchIDTests.swift */; };
		5565A1A71A73C65B0099DDA3 /* LocalAuthentication.framework in Frameworks */ = {isa = PBXBuildFile; fileRef = 5565A1A61A73C65B0099DDA3 /* LocalAuthentication.framework */; };
/* End PBXBuildFile section */

/* Begin PBXContainerItemProxy section */
		5565A1971A73C5D60099DDA3 /* PBXContainerItemProxy */ = {
			isa = PBXContainerItemProxy;
			containerPortal = 5565A1791A73C5D60099DDA3 /* Project object */;
			proxyType = 1;
			remoteGlobalIDString = 5565A1801A73C5D60099DDA3;
			remoteInfo = chapter8_TouchID;
		};
/* End PBXContainerItemProxy section */

/* Begin PBXFileReference section */
		5565A1811A73C5D60099DDA3 /* chapter8_TouchID.app */ = {isa = PBXFileReference; explicitFileType = wrapper.application; includeInIndex = 0; path = chapter8_TouchID.app; sourceTree = BUILT_PRODUCTS_DIR; };
		5565A1851A73C5D60099DDA3 /* Info.plist */ = {isa = PBXFileReference; lastKnownFileType = text.plist.xml; path = Info.plist; sourceTree = "<group>"; };
		5565A1861A73C5D60099DDA3 /* AppDelegate.swift */ = {isa = PBXFileReference; lastKnownFileType = sourcecode.swift; path = AppDelegate.swift; sourceTree = "<group>"; };
		5565A1881A73C5D60099DDA3 /* ViewController.swift */ = {isa = PBXFileReference; lastKnownFileType = sourcecode.swift; path = ViewController.swift; sourceTree = "<group>"; };
		5565A18B1A73C5D60099DDA3 /* Base */ = {isa = PBXFileReference; lastKnownFileType = file.storyboard; name = Base; path = Base.lproj/Main.storyboard; sourceTree = "<group>"; };
		5565A18D1A73C5D60099DDA3 /* Images.xcassets */ = {isa = PBXFileReference; lastKnownFileType = folder.assetcatalog; path = Images.xcassets; sourceTree = "<group>"; };
		5565A1901A73C5D60099DDA3 /* Base */ = {isa = PBXFileReference; lastKnownFileType = file.xib; name = Base; path = Base.lproj/LaunchScreen.xib; sourceTree = "<group>"; };
		5565A1961A73C5D60099DDA3 /* chapter8_TouchIDTests.xctest */ = {isa = PBXFileReference; explicitFileType = wrapper.cfbundle; includeInIndex = 0; path = chapter8_TouchIDTests.xctest; sourceTree = BUILT_PRODUCTS_DIR; };
		5565A19B1A73C5D60099DDA3 /* Info.plist */ = {isa = PBXFileReference; lastKnownFileType = text.plist.xml; path = Info.plist; sourceTree = "<group>"; };
		5565A19C1A73C5D60099DDA3 /* chapter8_TouchIDTests.swift */ = {isa = PBXFileReference; lastKnownFileType = sourcecode.swift; path = chapter8_TouchIDTests.swift; sourceTree = "<group>"; };
		5565A1A61A73C65B0099DDA3 /* LocalAuthentication.framework */ = {isa = PBXFileReference; lastKnownFileType = wrapper.framework; name = LocalAuthentication.framework; path = System/Library/Frameworks/LocalAuthentication.framework; sourceTree = SDKROOT; };
/* End PBXFileReference section */

/* Begin PBXFrameworksBuildPhase section */
		5565A17E1A73C5D60099DDA3 /* Frameworks */ = {
			isa = PBXFrameworksBuildPhase;
			buildActionMask = 2147483647;
			files = (
				5565A1A71A73C65B0099DDA3 /* LocalAuthentication.framework in Frameworks */,
			);
			runOnlyForDeploymentPostprocessing = 0;
		};
		5565A1931A73C5D60099DDA3 /* Frameworks */ = {
			isa = PBXFrameworksBuildPhase;
			buildActionMask = 2147483647;
			files = (
			);
			runOnlyForDeploymentPostprocessing = 0;
		};
/* End PBXFrameworksBuildPhase section */

/* Begin PBXGroup section */
		5565A1781A73C5D60099DDA3 = {
			isa = PBXGroup;
			children = (
				5565A1A61A73C65B0099DDA3 /* LocalAuthentication.framework */,
				5565A1831A73C5D60099DDA3 /* chapter8_TouchID */,
				5565A1991A73C5D60099DDA3 /* chapter8_TouchIDTests */,
				5565A1821A73C5D60099DDA3 /* Products */,
			);
			sourceTree = "<group>";
		};
		5565A1821A73C5D60099DDA3 /* Products */ = {
			isa = PBXGroup;
			children = (
				5565A1811A73C5D60099DDA3 /* chapter8_TouchID.app */,
				5565A1961A73C5D60099DDA3 /* chapter8_TouchIDTests.xctest */,
			);
			name = Products;
			sourceTree = "<group>";
		};
		5565A1831A73C5D60099DDA3 /* chapter8_TouchID */ = {
			isa = PBXGroup;
			children = (
				5565A1861A73C5D60099DDA3 /* AppDelegate.swift */,
				5565A1881A73C5D60099DDA3 /* ViewController.swift */,
				5565A18A1A73C5D60099DDA3 /* Main.storyboard */,
				5565A18D1A73C5D60099DDA3 /* Images.xcassets */,
				5565A18F1A73C5D60099DDA3 /* LaunchScreen.xib */,
				5565A1841A73C5D60099DDA3 /* Supporting Files */,
			);
			path = chapter8_TouchID;
			sourceTree = "<group>";
		};
		5565A1841A73C5D60099DDA3 /* Supporting Files */ = {
			isa = PBXGroup;
			children = (
				5565A1851A73C5D60099DDA3 /* Info.plist */,
			);
			name = "Supporting Files";
			sourceTree = "<group>";
		};
		5565A1991A73C5D60099DDA3 /* chapter8_TouchIDTests */ = {
			isa = PBXGroup;
			children = (
				5565A19C1A73C5D60099DDA3 /* chapter8_TouchIDTests.swift */,
				5565A19A1A73C5D60099DDA3 /* Supporting Files */,
			);
			path = chapter8_TouchIDTests;
			sourceTree = "<group>";
		};
		5565A19A1A73C5D60099DDA3 /* Supporting Files */ = {
			isa = PBXGroup;
			children = (
				5565A19B1A73C5D60099DDA3 /* Info.plist */,
			);
			name = "Supporting Files";
			sourceTree = "<group>";
		};
/* End PBXGroup section */

/* Begin PBXNativeTarget section */
		5565A1801A73C5D60099DDA3 /* chapter8_TouchID */ = {
			isa = PBXNativeTarget;
			buildConfigurationList = 5565A1A01A73C5D60099DDA3 /* Build configuration list for PBXNativeTarget "chapter8_TouchID" */;
			buildPhases = (
				5565A17D1A73C5D60099DDA3 /* Sources */,
				5565A17E1A73C5D60099DDA3 /* Frameworks */,
				5565A17F1A73C5D60099DDA3 /* Resources */,
			);
			buildRules = (
			);
			dependencies = (
			);
			name = chapter8_TouchID;
			productName = chapter8_TouchID;
			productReference = 5565A1811A73C5D60099DDA3 /* chapter8_TouchID.app */;
			productType = "com.apple.product-type.application";
		};
		5565A1951A73C5D60099DDA3 /* chapter8_TouchIDTests */ = {
			isa = PBXNativeTarget;
			buildConfigurationList = 5565A1A31A73C5D60099DDA3 /* Build configuration list for PBXNativeTarget "chapter8_TouchIDTests" */;
			buildPhases = (
				5565A1921A73C5D60099DDA3 /* Sources */,
				5565A1931A73C5D60099DDA3 /* Frameworks */,
				5565A1941A73C5D60099DDA3 /* Resources */,
			);
			buildRules = (
			);
			dependencies = (
				5565A1981A73C5D60099DDA3 /* PBXTargetDependency */,
			);
			name = chapter8_TouchIDTests;
			productName = chapter8_TouchIDTests;
			productReference = 5565A1961A73C5D60099DDA3 /* chapter8_TouchIDTests.xctest */;
			productType = "com.apple.product-type.bundle.unit-test";
		};
/* End PBXNativeTarget section */

/* Begin PBXProject section */
		5565A1791A73C5D60099DDA3 /* Project object */ = {
			isa = PBXProject;
			attributes = {
				LastUpgradeCheck = 0610;
				ORGANIZATIONNAME = "Kohei Hayakawa";
				TargetAttributes = {
					5565A1801A73C5D60099DDA3 = {
						CreatedOnToolsVersion = 6.1.1;
					};
					5565A1951A73C5D60099DDA3 = {
						CreatedOnToolsVersion = 6.1.1;
						TestTargetID = 5565A1801A73C5D60099DDA3;
					};
				};
			};
			buildConfigurationList = 5565A17C1A73C5D60099DDA3 /* Build configuration list for PBXProject "chapter8_TouchID" */;
			compatibilityVersion = "Xcode 3.2";
			developmentRegion = English;
			hasScannedForEncodings = 0;
			knownRegions = (
				en,
				Base,
			);
			mainGroup = 5565A1781A73C5D60099DDA3;
			productRefGroup = 5565A1821A73C5D60099DDA3 /* Products */;
			projectDirPath = "";
			projectRoot = "";
			targets = (
				5565A1801A73C5D60099DDA3 /* chapter8_TouchID */,
				5565A1951A73C5D60099DDA3 /* chapter8_TouchIDTests */,
			);
		};
/* End PBXProject section */

/* Begin PBXResourcesBuildPhase section */
		5565A17F1A73C5D60099DDA3 /* Resources */ = {
			isa = PBXResourcesBuildPhase;
			buildActionMask = 2147483647;
			files = (
				5565A18C1A73C5D60099DDA3 /* Main.storyboard in Resources */,
				5565A1911A73C5D60099DDA3 /* LaunchScreen.xib in Resources */,
				5565A18E1A73C5D60099DDA3 /* Images.xcassets in Resources */,
			);
			runOnlyForDeploymentPostprocessing = 0;
		};
		5565A1941A73C5D60099DDA3 /* Resources */ = {
			isa = PBXResourcesBuildPhase;
			buildActionMask = 2147483647;
			files = (
			);
			runOnlyForDeploymentPostprocessing = 0;
		};
/* End PBXResourcesBuildPhase section */

/* Begin PBXSourcesBuildPhase section */
		5565A17D1A73C5D60099DDA3 /* Sources */ = {
			isa = PBXSourcesBuildPhase;
			buildActionMask = 2147483647;
			files = (
				5565A1891A73C5D60099DDA3 /* ViewController.swift in Sources */,
				5565A1871A73C5D60099DDA3 /* AppDelegate.swift in Sources */,
			);
			runOnlyForDeploymentPostprocessing = 0;
		};
		5565A1921A73C5D60099DDA3 /* Sources */ = {
			isa = PBXSourcesBuildPhase;
			buildActionMask = 2147483647;
			files = (
				5565A19D1A73C5D60099DDA3 /* chapter8_TouchIDTests.swift in Sources */,
			);
			runOnlyForDeploymentPostprocessing = 0;
		};
/* End PBXSourcesBuildPhase section */

/* Begin PBXTargetDependency section */
		5565A1981A73C5D60099DDA3 /* PBXTargetDependency */ = {
			isa = PBXTargetDependency;
			target = 5565A1801A73C5D60099DDA3 /* chapter8_TouchID */;
			targetProxy = 5565A1971A73C5D60099DDA3 /* PBXContainerItemProxy */;
		};
/* End PBXTargetDependency section */

/* Begin PBXVariantGroup section */
		5565A18A1A73C5D60099DDA3 /* Main.storyboard */ = {
			isa = PBXVariantGroup;
			children = (
				5565A18B1A73C5D60099DDA3 /* Base */,
			);
			name = Main.storyboard;
			sourceTree = "<group>";
		};
		5565A18F1A73C5D60099DDA3 /* LaunchScreen.xib */ = {
			isa = PBXVariantGroup;
			children = (
				5565A1901A73C5D60099DDA3 /* Base */,
			);
			name = LaunchScreen.xib;
			sourceTree = "<group>";
		};
/* End PBXVariantGroup section */

/* Begin XCBuildConfiguration section */
		5565A19E1A73C5D60099DDA3 /* Debug */ = {
			isa = XCBuildConfiguration;
			buildSettings = {
				ALWAYS_SEARCH_USER_PATHS = NO;
				CLANG_CXX_LANGUAGE_STANDARD = "gnu++0x";
				CLANG_CXX_LIBRARY = "libc++";
				CLANG_ENABLE_MODULES = YES;
				CLANG_ENABLE_OBJC_ARC = YES;
				CLANG_WARN_BOOL_CONVERSION = YES;
				CLANG_WARN_CONSTANT_CONVERSION = YES;
				CLANG_WARN_DIRECT_OBJC_ISA_USAGE = YES_ERROR;
				CLANG_WARN_EMPTY_BODY = YES;
				CLANG_WARN_ENUM_CONVERSION = YES;
				CLANG_WARN_INT_CONVERSION = YES;
				CLANG_WARN_OBJC_ROOT_CLASS = YES_ERROR;
				CLANG_WARN_UNREACHABLE_CODE = YES;
				CLANG_WARN__DUPLICATE_METHOD_MATCH = YES;
				"CODE_SIGN_IDENTITY[sdk=iphoneos*]" = "iPhone Developer";
				COPY_PHASE_STRIP = NO;
				ENABLE_STRICT_OBJC_MSGSEND = YES;
				GCC_C_LANGUAGE_STANDARD = gnu99;
				GCC_DYNAMIC_NO_PIC = NO;
				GCC_OPTIMIZATION_LEVEL = 0;
				GCC_PREPROCESSOR_DEFINITIONS = (
					"DEBUG=1",
					"$(inherited)",
				);
				GCC_SYMBOLS_PRIVATE_EXTERN = NO;
				GCC_WARN_64_TO_32_BIT_CONVERSION = YES;
				GCC_WARN_ABOUT_RETURN_TYPE = YES_ERROR;
				GCC_WARN_UNDECLARED_SELECTOR = YES;
				GCC_WARN_UNINITIALIZED_AUTOS = YES_AGGRESSIVE;
				GCC_WARN_UNUSED_FUNCTION = YES;
				GCC_WARN_UNUSED_VARIABLE = YES;
				IPHONEOS_DEPLOYMENT_TARGET = 8.1;
				MTL_ENABLE_DEBUG_INFO = YES;
				ONLY_ACTIVE_ARCH = YES;
				SDKROOT = iphoneos;
				SWIFT_OPTIMIZATION_LEVEL = "-Onone";
			};
			name = Debug;
		};
		5565A19F1A73C5D60099DDA3 /* Release */ = {
			isa = XCBuildConfiguration;
			buildSettings = {
				ALWAYS_SEARCH_USER_PATHS = NO;
				CLANG_CXX_LANGUAGE_STANDARD = "gnu++0x";
				CLANG_CXX_LIBRARY = "libc++";
				CLANG_ENABLE_MODULES = YES;
				CLANG_ENABLE_OBJC_ARC = YES;
				CLANG_WARN_BOOL_CONVERSION = YES;
				CLANG_WARN_CONSTANT_CONVERSION = YES;
				CLANG_WARN_DIRECT_OBJC_ISA_USAGE = YES_ERROR;
				CLANG_WARN_EMPTY_BODY = YES;
				CLANG_WARN_ENUM_CONVERSION = YES;
				CLANG_WARN_INT_CONVERSION = YES;
				CLANG_WARN_OBJC_ROOT_CLASS = YES_ERROR;
				CLANG_WARN_UNREACHABLE_CODE = YES;
				CLANG_WARN__DUPLICATE_METHOD_MATCH = YES;
				"CODE_SIGN_IDENTITY[sdk=iphoneos*]" = "iPhone Developer";
				COPY_PHASE_STRIP = YES;
				ENABLE_NS_ASSERTIONS = NO;
				ENABLE_STRICT_OBJC_MSGSEND = YES;
				GCC_C_LANGUAGE_STANDARD = gnu99;
				GCC_WARN_64_TO_32_BIT_CONVERSION = YES;
				GCC_WARN_ABOUT_RETURN_TYPE = YES_ERROR;
				GCC_WARN_UNDECLARED_SELECTOR = YES;
				GCC_WARN_UNINITIALIZED_AUTOS = YES_AGGRESSIVE;
				GCC_WARN_UNUSED_FUNCTION = YES;
				GCC_WARN_UNUSED_VARIABLE = YES;
				IPHONEOS_DEPLOYMENT_TARGET = 8.1;
				MTL_ENABLE_DEBUG_INFO = NO;
				SDKROOT = iphoneos;
				VALIDATE_PRODUCT = YES;
			};
			name = Release;
		};
		5565A1A11A73C5D60099DDA3 /* Debug */ = {
			isa = XCBuildConfiguration;
			buildSettings = {
				ASSETCATALOG_COMPILER_APPICON_NAME = AppIcon;
				INFOPLIST_FILE = chapter8_TouchID/Info.plist;
				LD_RUNPATH_SEARCH_PATHS = "$(inherited) @executable_path/Frameworks";
				PRODUCT_NAME = "$(TARGET_NAME)";
			};
			name = Debug;
		};
		5565A1A21A73C5D60099DDA3 /* Release */ = {
			isa = XCBuildConfiguration;
			buildSettings = {
				ASSETCATALOG_COMPILER_APPICON_NAME = AppIcon;
				INFOPLIST_FILE = chapter8_TouchID/Info.plist;
				LD_RUNPATH_SEARCH_PATHS = "$(inherited) @executable_path/Frameworks";
				PRODUCT_NAME = "$(TARGET_NAME)";
			};
			name = Release;
		};
		5565A1A41A73C5D60099DDA3 /* Debug */ = {
			isa = XCBuildConfiguration;
			buildSettings = {
				BUNDLE_LOADER = "$(TEST_HOST)";
				FRAMEWORK_SEARCH_PATHS = (
					"$(SDKROOT)/Developer/Library/Frameworks",
					"$(inherited)",
				);
				GCC_PREPROCESSOR_DEFINITIONS = (
					"DEBUG=1",
					"$(inherited)",
				);
				INFOPLIST_FILE = chapter8_TouchIDTests/Info.plist;
				LD_RUNPATH_SEARCH_PATHS = "$(inherited) @executable_path/Frameworks @loader_path/Frameworks";
				PRODUCT_NAME = "$(TARGET_NAME)";
				TEST_HOST = "$(BUILT_PRODUCTS_DIR)/chapter8_TouchID.app/chapter8_TouchID";
			};
			name = Debug;
		};
		5565A1A51A73C5D60099DDA3 /* Release */ = {
			isa = XCBuildConfiguration;
			buildSettings = {
				BUNDLE_LOADER = "$(TEST_HOST)";
				FRAMEWORK_SEARCH_PATHS = (
					"$(SDKROOT)/Developer/Library/Frameworks",
					"$(inherited)",
				);
				INFOPLIST_FILE = chapter8_TouchIDTests/Info.plist;
				LD_RUNPATH_SEARCH_PATHS = "$(inherited) @executable_path/Frameworks @loader_path/Frameworks";
				PRODUCT_NAME = "$(TARGET_NAME)";
				TEST_HOST = "$(BUILT_PRODUCTS_DIR)/chapter8_TouchID.app/chapter8_TouchID";
			};
			name = Release;
		};
/* End XCBuildConfiguration section */

/* Begin XCConfigurationList section */
		5565A17C1A73C5D60099DDA3 /* Build configuration list for PBXProject "chapter8_TouchID" */ = {
			isa = XCConfigurationList;
			buildConfigurations = (
				5565A19E1A73C5D60099DDA3 /* Debug */,
				5565A19F1A73C5D60099DDA3 /* Release */,
			);
			defaultConfigurationIsVisible = 0;
			defaultConfigurationName = Release;
		};
		5565A1A01A73C5D60099DDA3 /* Build configuration list for PBXNativeTarget "chapter8_TouchID" */ = {
			isa = XCConfigurationList;
			buildConfigurations = (
				5565A1A11A73C5D60099DDA3 /* Debug */,
				5565A1A21A73C5D60099DDA3 /* Release */,
			);
			defaultConfigurationIsVisible = 0;
		};
		5565A1A31A73C5D60099DDA3 /* Build configuration list for PBXNativeTarget "chapter8_TouchIDTests" */ = {
			isa = XCConfigurationList;
			buildConfigurations = (
				5565A1A41A73C5D60099DDA3 /* Debug */,
				5565A1A51A73C5D60099DDA3 /* Release */,
			);
			defaultConfigurationIsVisible = 0;
		};
/* End XCConfigurationList section */
	};
	rootObject = 5565A1791A73C5D60099DDA3 /* Project object */;
}
